// !$*UTF8*$!
{
	archiveVersion = 1;
	classes = {
	};
	objectVersion = 56;
	objects = {

/* Begin PBXBuildFile section */
		9C1B3C242B5D25B600AB3B73 /* IdentificationVC.swift in Sources */ = {isa = PBXBuildFile; fileRef = 9C1B3C232B5D25B600AB3B73 /* IdentificationVC.swift */; };
		9C1B3C282B5D25E100AB3B73 /* IdentificationVC.storyboard in Resources */ = {isa = PBXBuildFile; fileRef = 9C1B3C272B5D25E100AB3B73 /* IdentificationVC.storyboard */; };
		9C1B3C2B2B5E1A5200AB3B73 /* IdentificationInputUnit.swift in Sources */ = {isa = PBXBuildFile; fileRef = 9C1B3C2A2B5E1A5200AB3B73 /* IdentificationInputUnit.swift */; };
		9C1B3C2F2B5E1A6A00AB3B73 /* IdentificationInputUnit.xib in Resources */ = {isa = PBXBuildFile; fileRef = 9C1B3C2E2B5E1A6A00AB3B73 /* IdentificationInputUnit.xib */; };
		9C374CF22B6CDF6900F879C4 /* NationSelectionCell.swift in Sources */ = {isa = PBXBuildFile; fileRef = 9C374CF02B6CDF6900F879C4 /* NationSelectionCell.swift */; };
		9C374CF32B6CDF6900F879C4 /* NationSelectionCell.xib in Resources */ = {isa = PBXBuildFile; fileRef = 9C374CF12B6CDF6900F879C4 /* NationSelectionCell.xib */; };
		9C3925222B4F966500AEBA2F /* SignupEmailComponent.xib in Resources */ = {isa = PBXBuildFile; fileRef = 9C3925212B4F966500AEBA2F /* SignupEmailComponent.xib */; };
		9C3DF48E2B4A943D006CE6E5 /* SignupInputComponent.swift in Sources */ = {isa = PBXBuildFile; fileRef = 9C3DF48D2B4A943D006CE6E5 /* SignupInputComponent.swift */; };
		9C3DF4902B4A945C006CE6E5 /* SignupInputComponent.xib in Resources */ = {isa = PBXBuildFile; fileRef = 9C3DF48F2B4A945C006CE6E5 /* SignupInputComponent.xib */; };
		9C4EDA772B47EF8C00BFDC48 /* Inter-ExtraLight.ttf in Resources */ = {isa = PBXBuildFile; fileRef = 9C4EDA6E2B47EF8B00BFDC48 /* Inter-ExtraLight.ttf */; };
		9CB351862B4E774000EE36F0 /* SignupCustomTextField.swift in Sources */ = {isa = PBXBuildFile; fileRef = 9CB351852B4E774000EE36F0 /* SignupCustomTextField.swift */; };
		9CB351882B4E775000EE36F0 /* SignupCustomTextField.xib in Resources */ = {isa = PBXBuildFile; fileRef = 9CB351872B4E775000EE36F0 /* SignupCustomTextField.xib */; };
		9CB4A8C22B6A3AAB00521184 /* NationSelectionVC.swift in Sources */ = {isa = PBXBuildFile; fileRef = 9CB4A8C12B6A3AAB00521184 /* NationSelectionVC.swift */; };
		9CB4A8C42B6A3AB600521184 /* NationSelectionVC.storyboard in Resources */ = {isa = PBXBuildFile; fileRef = 9CB4A8C32B6A3AB600521184 /* NationSelectionVC.storyboard */; };
		9CB4A8C62B6A3AC800521184 /* PopupTemplateVC.storyboard in Resources */ = {isa = PBXBuildFile; fileRef = 9CB4A8C52B6A3AC800521184 /* PopupTemplateVC.storyboard */; };
		9CB4A8C82B6A3ACE00521184 /* PopupTemplateVC.swift in Sources */ = {isa = PBXBuildFile; fileRef = 9CB4A8C72B6A3ACE00521184 /* PopupTemplateVC.swift */; };
		9CB80B922B53AD6F002FD656 /* UIViewController+Extension.swift in Sources */ = {isa = PBXBuildFile; fileRef = 9CB80B912B53AD6F002FD656 /* UIViewController+Extension.swift */; };
		9CB80B942B53B2D7002FD656 /* UIAlertController+Extension.swift in Sources */ = {isa = PBXBuildFile; fileRef = 9CB80B932B53B2D7002FD656 /* UIAlertController+Extension.swift */; };
		9CB80B962B53B933002FD656 /* UIApplication.swift in Sources */ = {isa = PBXBuildFile; fileRef = 9CB80B952B53B933002FD656 /* UIApplication.swift */; };
		9CC25CF02B4BC18A00C07086 /* SignupEmailComponent.swift in Sources */ = {isa = PBXBuildFile; fileRef = 9CC25CEF2B4BC18A00C07086 /* SignupEmailComponent.swift */; };
		9CFC5FAC2B6CA9D500997BDC /* CountryDTO.swift in Sources */ = {isa = PBXBuildFile; fileRef = 9CFC5FAB2B6CA9D500997BDC /* CountryDTO.swift */; };
/* End PBXBuildFile section */

/* Begin PBXContainerItemProxy section */
		9C6B45462B47D9350068FA95 /* PBXContainerItemProxy */ = {
			isa = PBXContainerItemProxy;
			containerPortal = 9C6B45272B47D9340068FA95 /* Project object */;
			proxyType = 1;
			remoteGlobalIDString = 9C6B452E2B47D9340068FA95;
			remoteInfo = YounetProject;
		};
		9C6B45502B47D9350068FA95 /* PBXContainerItemProxy */ = {
			isa = PBXContainerItemProxy;
			containerPortal = 9C6B45272B47D9340068FA95 /* Project object */;
			proxyType = 1;
			remoteGlobalIDString = 9C6B452E2B47D9340068FA95;
			remoteInfo = YounetProject;
		};
/* End PBXContainerItemProxy section */

/* Begin PBXCopyFilesBuildPhase section */
		B3F84FAF2B49AA4100228BD3 /* Embed Frameworks */ = {
			isa = PBXCopyFilesBuildPhase;
			buildActionMask = 2147483647;
			dstPath = "";
			dstSubfolderSpec = 10;
			files = (
			);
			name = "Embed Frameworks";
			runOnlyForDeploymentPostprocessing = 0;
		};
/* End PBXCopyFilesBuildPhase section */

/* Begin PBXFileReference section */
		9C1B3C232B5D25B600AB3B73 /* IdentificationVC.swift */ = {isa = PBXFileReference; lastKnownFileType = sourcecode.swift; path = IdentificationVC.swift; sourceTree = "<group>"; };
		9C1B3C272B5D25E100AB3B73 /* IdentificationVC.storyboard */ = {isa = PBXFileReference; lastKnownFileType = file.storyboard; path = IdentificationVC.storyboard; sourceTree = "<group>"; };
		9C1B3C2A2B5E1A5200AB3B73 /* IdentificationInputUnit.swift */ = {isa = PBXFileReference; lastKnownFileType = sourcecode.swift; path = IdentificationInputUnit.swift; sourceTree = "<group>"; };
		9C1B3C2E2B5E1A6A00AB3B73 /* IdentificationInputUnit.xib */ = {isa = PBXFileReference; lastKnownFileType = file.xib; path = IdentificationInputUnit.xib; sourceTree = "<group>"; };
		9C374CF02B6CDF6900F879C4 /* NationSelectionCell.swift */ = {isa = PBXFileReference; lastKnownFileType = sourcecode.swift; path = NationSelectionCell.swift; sourceTree = "<group>"; };
		9C374CF12B6CDF6900F879C4 /* NationSelectionCell.xib */ = {isa = PBXFileReference; lastKnownFileType = file.xib; path = NationSelectionCell.xib; sourceTree = "<group>"; };
		9C3925212B4F966500AEBA2F /* SignupEmailComponent.xib */ = {isa = PBXFileReference; lastKnownFileType = file.xib; path = SignupEmailComponent.xib; sourceTree = "<group>"; };
		9C3DF48D2B4A943D006CE6E5 /* SignupInputComponent.swift */ = {isa = PBXFileReference; lastKnownFileType = sourcecode.swift; path = SignupInputComponent.swift; sourceTree = "<group>"; };
		9C3DF48F2B4A945C006CE6E5 /* SignupInputComponent.xib */ = {isa = PBXFileReference; lastKnownFileType = file.xib; path = SignupInputComponent.xib; sourceTree = "<group>"; };
		9C4EDA6E2B47EF8B00BFDC48 /* Inter-ExtraLight.ttf */ = {isa = PBXFileReference; lastKnownFileType = file; path = "Inter-ExtraLight.ttf"; sourceTree = "<group>"; };
		9CB351852B4E774000EE36F0 /* SignupCustomTextField.swift */ = {isa = PBXFileReference; lastKnownFileType = sourcecode.swift; path = SignupCustomTextField.swift; sourceTree = "<group>"; };
		9CB351872B4E775000EE36F0 /* SignupCustomTextField.xib */ = {isa = PBXFileReference; lastKnownFileType = file.xib; path = SignupCustomTextField.xib; sourceTree = "<group>"; };
		9CB4A8C12B6A3AAB00521184 /* NationSelectionVC.swift */ = {isa = PBXFileReference; lastKnownFileType = sourcecode.swift; path = NationSelectionVC.swift; sourceTree = "<group>"; };
		9CB4A8C32B6A3AB600521184 /* NationSelectionVC.storyboard */ = {isa = PBXFileReference; lastKnownFileType = file.storyboard; path = NationSelectionVC.storyboard; sourceTree = "<group>"; };
		9CB4A8C52B6A3AC800521184 /* PopupTemplateVC.storyboard */ = {isa = PBXFileReference; lastKnownFileType = file.storyboard; path = PopupTemplateVC.storyboard; sourceTree = "<group>"; };
		9CB4A8C72B6A3ACE00521184 /* PopupTemplateVC.swift */ = {isa = PBXFileReference; lastKnownFileType = sourcecode.swift; path = PopupTemplateVC.swift; sourceTree = "<group>"; };
		9CB80B912B53AD6F002FD656 /* UIViewController+Extension.swift */ = {isa = PBXFileReference; lastKnownFileType = sourcecode.swift; path = "UIViewController+Extension.swift"; sourceTree = "<group>"; };
		9CB80B932B53B2D7002FD656 /* UIAlertController+Extension.swift */ = {isa = PBXFileReference; lastKnownFileType = sourcecode.swift; path = "UIAlertController+Extension.swift"; sourceTree = "<group>"; };
		9CB80B952B53B933002FD656 /* UIApplication.swift */ = {isa = PBXFileReference; lastKnownFileType = sourcecode.swift; path = UIApplication.swift; sourceTree = "<group>"; };
		9CC25CEF2B4BC18A00C07086 /* SignupEmailComponent.swift */ = {isa = PBXFileReference; lastKnownFileType = sourcecode.swift; path = SignupEmailComponent.swift; sourceTree = "<group>"; };
		9CFC5FAB2B6CA9D500997BDC /* CountryDTO.swift */ = {isa = PBXFileReference; lastKnownFileType = sourcecode.swift; path = CountryDTO.swift; sourceTree = "<group>"; };
/* End PBXFileReference section */

/* Begin PBXFrameworksBuildPhase section */
		9C6B452C2B47D9340068FA95 /* Frameworks */ = {
			isa = PBXFrameworksBuildPhase;
			buildActionMask = 2147483647;
			files = (
			);
			runOnlyForDeploymentPostprocessing = 0;
		};
		9C6B45422B47D9350068FA95 /* Frameworks */ = {
			isa = PBXFrameworksBuildPhase;
			buildActionMask = 2147483647;
			files = (
			);
			runOnlyForDeploymentPostprocessing = 0;
		};
		9C6B454C2B47D9350068FA95 /* Frameworks */ = {
			isa = PBXFrameworksBuildPhase;
			buildActionMask = 2147483647;
			files = (
			);
			runOnlyForDeploymentPostprocessing = 0;
		};
/* End PBXFrameworksBuildPhase section */

/* Begin PBXGroup section */
		9C0426A62B47EB7400C693BC /* Scene */ = {
			isa = PBXGroup;
			children = (
				9C50A3372B5E503800082229 /* popup */,
				9C1B3C222B5D234A00AB3B73 /* Identification */,
				9C4EDA852B47F29400BFDC48 /* Signup */,
				9C4EDA802B47F26300BFDC48 /* ServerSelect */,
			);
			path = Scene;
			sourceTree = "<group>";
		};
		9C1B3C222B5D234A00AB3B73 /* Identification */ = {
			isa = PBXGroup;
			children = (
				9C1B3C232B5D25B600AB3B73 /* IdentificationVC.swift */,
				9C1B3C272B5D25E100AB3B73 /* IdentificationVC.storyboard */,
			);
			path = Identification;
			sourceTree = "<group>";
		};
		9C1B3C292B5E1A3700AB3B73 /* IdentificationInputUnit */ = {
			isa = PBXGroup;
			children = (
				9C1B3C2A2B5E1A5200AB3B73 /* IdentificationInputUnit.swift */,
				9C1B3C2E2B5E1A6A00AB3B73 /* IdentificationInputUnit.xib */,
			);
			path = IdentificationInputUnit;
			sourceTree = "<group>";
		};
		9C3DF4862B4A51CB006CE6E5 /* Components */ = {
			isa = PBXGroup;
			children = (
				9C1B3C292B5E1A3700AB3B73 /* IdentificationInputUnit */,
				9CB351842B4E76F800EE36F0 /* SignupCustomTextField */,
				9CC25CEE2B4BC17400C07086 /* SignupEmailComponent */,
				9C3DF48C2B4A93E1006CE6E5 /* SignupInputComponent */,
			);
			path = Components;
			sourceTree = "<group>";
		};
		9C3DF48C2B4A93E1006CE6E5 /* SignupInputComponent */ = {
			isa = PBXGroup;
			children = (
				9C3DF48D2B4A943D006CE6E5 /* SignupInputComponent.swift */,
				9C3DF48F2B4A945C006CE6E5 /* SignupInputComponent.xib */,
			);
			path = SignupInputComponent;
			sourceTree = "<group>";
		};
		9C4EDA6D2B47EF7600BFDC48 /* Font */ = {
			isa = PBXGroup;
			children = (
				9C4EDA762B47EF8C00BFDC48 /* Inter-Bold.ttf */,
				9C4EDA6F2B47EF8C00BFDC48 /* Inter-Regular.ttf */,
			);
			path = Font;
			sourceTree = "<group>";
		};
		9C4EDA802B47F26300BFDC48 /* ServerSelect */ = {
			isa = PBXGroup;
			children = (
				9C4EDA812B47F27500BFDC48 /* ServerSelectVC.storyboard */,
				9C4EDA832B47F27C00BFDC48 /* ServerSelectVC.swift */,
			);
			path = ServerSelect;
			sourceTree = "<group>";
		};
		9C4EDA852B47F29400BFDC48 /* Signup */ = {
			isa = PBXGroup;
			children = (
				9C4EDA862B47F2A600BFDC48 /* SignupVC.swift */,
				9C4EDA882B47F2AE00BFDC48 /* SignupVC.storyboard */,
			);
			path = Signup;
			sourceTree = "<group>";
		};
		9C50A3372B5E503800082229 /* popup */ = {
			isa = PBXGroup;
			children = (
				9C50A3382B5E504600082229 /* SelectNation */,
			);
			path = popup;
			sourceTree = "<group>";
		};
		9C50A3382B5E504600082229 /* SelectNation */ = {
			isa = PBXGroup;
			children = (
				9C50A3392B5E508E00082229 /* SelectNationPopup.swift */,
				9C50A33F2B5E5D7000082229 /* SearchResultTableViewCell.xib */,
				9C50A3412B5E5DEA00082229 /* SearchResultTableViewCell.swift */,
				9C50A3432B5E630400082229 /* SelectNationPopup.storyboard */,
			);
			path = SelectNation;
			sourceTree = "<group>";
		};
		9C6B45262B47D9340068FA95 = {
			isa = PBXGroup;
			children = (
				9C6B45312B47D9340068FA95 /* YounetProject */,
				9C6B45482B47D9350068FA95 /* YounetProjectTests */,
				9C6B45522B47D9350068FA95 /* YounetProjectUITests */,
				9C6B45302B47D9340068FA95 /* Products */,
			);
			sourceTree = "<group>";
		};
		9C6B45302B47D9340068FA95 /* Products */ = {
			isa = PBXGroup;
			children = (
				9C6B452F2B47D9340068FA95 /* YounetProject.app */,
				9C6B45452B47D9350068FA95 /* YounetProjectTests.xctest */,
				9C6B454F2B47D9350068FA95 /* YounetProjectUITests.xctest */,
			);
			name = Products;
			sourceTree = "<group>";
		};
		9C6B45312B47D9340068FA95 /* YounetProject */ = {
			isa = PBXGroup;
			children = (
				9C6B453B2B47D9350068FA95 /* Assets.xcassets */,
				9C4EDA6D2B47EF7600BFDC48 /* Font */,
				9CB80B8A2B53AD0B002FD656 /* Extensions */,
				9C3DF4862B4A51CB006CE6E5 /* Components */,
				9CB4A8BE2B6A3A6400521184 /* Shares */,
				9C0426A62B47EB7400C693BC /* Scene */,
				9C6B45322B47D9340068FA95 /* AppDelegate.swift */,
				9C6B45342B47D9340068FA95 /* SceneDelegate.swift */,
				9C6B45362B47D9340068FA95 /* ViewController.swift */,
				9C6B45382B47D9340068FA95 /* Main.storyboard */,
				9C6B453D2B47D9350068FA95 /* LaunchScreen.storyboard */,
				9C6B45402B47D9350068FA95 /* Info.plist */,
			);
			path = YounetProject;
			sourceTree = "<group>";
		};
		9C6B45482B47D9350068FA95 /* YounetProjectTests */ = {
			isa = PBXGroup;
			children = (
				9C6B45492B47D9350068FA95 /* YounetProjectTests.swift */,
			);
			path = YounetProjectTests;
			sourceTree = "<group>";
		};
		9C6B45522B47D9350068FA95 /* YounetProjectUITests */ = {
			isa = PBXGroup;
			children = (
				9C6B45532B47D9350068FA95 /* YounetProjectUITests.swift */,
				9C6B45552B47D9350068FA95 /* YounetProjectUITestsLaunchTests.swift */,
			);
			path = YounetProjectUITests;
			sourceTree = "<group>";
		};
		9CB351842B4E76F800EE36F0 /* SignupCustomTextField */ = {
			isa = PBXGroup;
			children = (
				9CB351852B4E774000EE36F0 /* SignupCustomTextField.swift */,
				9CB351872B4E775000EE36F0 /* SignupCustomTextField.xib */,
			);
			path = SignupCustomTextField;
			sourceTree = "<group>";
		};
		9CB4A8BE2B6A3A6400521184 /* Shares */ = {
			isa = PBXGroup;
			children = (
				9CB4A8BF2B6A3A7D00521184 /* PopupTemplate */,
				9CB4A8C02B6A3A9200521184 /* NationSelection */,
			);
			path = Shares;
			sourceTree = "<group>";
		};
		9CB4A8BF2B6A3A7D00521184 /* PopupTemplate */ = {
			isa = PBXGroup;
			children = (
				9CB4A8C72B6A3ACE00521184 /* PopupTemplateVC.swift */,
				9CB4A8C52B6A3AC800521184 /* PopupTemplateVC.storyboard */,
			);
			path = PopupTemplate;
			sourceTree = "<group>";
		};
		9CB4A8C02B6A3A9200521184 /* NationSelection */ = {
			isa = PBXGroup;
			children = (
				9CB4A8C12B6A3AAB00521184 /* NationSelectionVC.swift */,
				9CB4A8C32B6A3AB600521184 /* NationSelectionVC.storyboard */,
				9CFC5FAB2B6CA9D500997BDC /* CountryDTO.swift */,
				9C374CF02B6CDF6900F879C4 /* NationSelectionCell.swift */,
				9C374CF12B6CDF6900F879C4 /* NationSelectionCell.xib */,
			);
			path = NationSelection;
			sourceTree = "<group>";
		};
		9CB80B8A2B53AD0B002FD656 /* Extensions */ = {
			isa = PBXGroup;
			children = (
				9CB80B912B53AD6F002FD656 /* UIViewController+Extension.swift */,
				9CB80B932B53B2D7002FD656 /* UIAlertController+Extension.swift */,
				9CB80B952B53B933002FD656 /* UIApplication.swift */,
				9C50A33D2B5E57E200082229 /* UITextField+Extension.swift */,
			);
			path = Extensions;
			sourceTree = "<group>";
		};
		9CC25CEE2B4BC17400C07086 /* SignupEmailComponent */ = {
			isa = PBXGroup;
			children = (
				9CC25CEF2B4BC18A00C07086 /* SignupEmailComponent.swift */,
				9C3925212B4F966500AEBA2F /* SignupEmailComponent.xib */,
			);
			path = SignupEmailComponent;
			sourceTree = "<group>";
		};
/* End PBXGroup section */

/* Begin PBXNativeTarget section */
		9C6B452E2B47D9340068FA95 /* YounetProject */ = {
			isa = PBXNativeTarget;
			buildConfigurationList = 9C6B45592B47D9350068FA95 /* Build configuration list for PBXNativeTarget "YounetProject" */;
			buildPhases = (
				9C6B452B2B47D9340068FA95 /* Sources */,
				9C6B452C2B47D9340068FA95 /* Frameworks */,
				9C6B452D2B47D9340068FA95 /* Resources */,
				B3F84FAF2B49AA4100228BD3 /* Embed Frameworks */,
			);
			buildRules = (
			);
			dependencies = (
			);
			name = YounetProject;
			packageProductDependencies = (
			);
			productName = YounetProject;
			productReference = 9C6B452F2B47D9340068FA95 /* YounetProject.app */;
			productType = "com.apple.product-type.application";
		};
		9C6B45442B47D9350068FA95 /* YounetProjectTests */ = {
			isa = PBXNativeTarget;
			buildConfigurationList = 9C6B455C2B47D9350068FA95 /* Build configuration list for PBXNativeTarget "YounetProjectTests" */;
			buildPhases = (
				9C6B45412B47D9350068FA95 /* Sources */,
				9C6B45422B47D9350068FA95 /* Frameworks */,
				9C6B45432B47D9350068FA95 /* Resources */,
			);
			buildRules = (
			);
			dependencies = (
				9C6B45472B47D9350068FA95 /* PBXTargetDependency */,
			);
			name = YounetProjectTests;
			productName = YounetProjectTests;
			productReference = 9C6B45452B47D9350068FA95 /* YounetProjectTests.xctest */;
			productType = "com.apple.product-type.bundle.unit-test";
		};
		9C6B454E2B47D9350068FA95 /* YounetProjectUITests */ = {
			isa = PBXNativeTarget;
			buildConfigurationList = 9C6B455F2B47D9350068FA95 /* Build configuration list for PBXNativeTarget "YounetProjectUITests" */;
			buildPhases = (
				9C6B454B2B47D9350068FA95 /* Sources */,
				9C6B454C2B47D9350068FA95 /* Frameworks */,
				9C6B454D2B47D9350068FA95 /* Resources */,
			);
			buildRules = (
			);
			dependencies = (
				9C6B45512B47D9350068FA95 /* PBXTargetDependency */,
			);
			name = YounetProjectUITests;
			productName = YounetProjectUITests;
			productReference = 9C6B454F2B47D9350068FA95 /* YounetProjectUITests.xctest */;
			productType = "com.apple.product-type.bundle.ui-testing";
		};
/* End PBXNativeTarget section */

/* Begin PBXProject section */
		9C6B45272B47D9340068FA95 /* Project object */ = {
			isa = PBXProject;
			attributes = {
				BuildIndependentTargetsInParallel = 1;
				LastSwiftUpdateCheck = 1510;
				LastUpgradeCheck = 1510;
				TargetAttributes = {
					9C6B452E2B47D9340068FA95 = {
						CreatedOnToolsVersion = 15.1;
					};
					9C6B45442B47D9350068FA95 = {
						CreatedOnToolsVersion = 15.1;
						TestTargetID = 9C6B452E2B47D9340068FA95;
					};
					9C6B454E2B47D9350068FA95 = {
						CreatedOnToolsVersion = 15.1;
						TestTargetID = 9C6B452E2B47D9340068FA95;
					};
				};
			};
			buildConfigurationList = 9C6B452A2B47D9340068FA95 /* Build configuration list for PBXProject "YounetProject" */;
			compatibilityVersion = "Xcode 14.0";
			developmentRegion = en;
			hasScannedForEncodings = 0;
			knownRegions = (
				en,
				Base,
			);
			mainGroup = 9C6B45262B47D9340068FA95;
			packageReferences = (
			);
			productRefGroup = 9C6B45302B47D9340068FA95 /* Products */;
			projectDirPath = "";
			projectRoot = "";
			targets = (
				9C6B452E2B47D9340068FA95 /* YounetProject */,
				9C6B45442B47D9350068FA95 /* YounetProjectTests */,
				9C6B454E2B47D9350068FA95 /* YounetProjectUITests */,
			);
		};
/* End PBXProject section */

/* Begin PBXResourcesBuildPhase section */
		9C6B452D2B47D9340068FA95 /* Resources */ = {
			isa = PBXResourcesBuildPhase;
			buildActionMask = 2147483647;
			files = (
				9C4EDA822B47F27500BFDC48 /* ServerSelectVC.storyboard in Resources */,
				9C6B453F2B47D9350068FA95 /* LaunchScreen.storyboard in Resources */,
				9C3DF4902B4A945C006CE6E5 /* SignupInputComponent.xib in Resources */,
				9C4EDA7E2B47EF8C00BFDC48 /* Inter-ExtraBold.ttf in Resources */,
				9CB351882B4E775000EE36F0 /* SignupCustomTextField.xib in Resources */,
				9C50A3442B5E630400082229 /* SelectNationPopup.storyboard in Resources */,
				9C4EDA782B47EF8C00BFDC48 /* Inter-Regular.ttf in Resources */,
				9C374CF32B6CDF6900F879C4 /* NationSelectionCell.xib in Resources */,
				9C6B453C2B47D9350068FA95 /* Assets.xcassets in Resources */,
				9C4EDA892B47F2AE00BFDC48 /* SignupVC.storyboard in Resources */,
				9C3925222B4F966500AEBA2F /* SignupEmailComponent.xib in Resources */,
				9C1B3C282B5D25E100AB3B73 /* IdentificationVC.storyboard in Resources */,
				9C4EDA7C2B47EF8C00BFDC48 /* Inter-SemiBold.ttf in Resources */,
				9C6B453A2B47D9340068FA95 /* Main.storyboard in Resources */,
				B30146442B6DEFFC000DA508 /* PopupTemplateVC.storyboard in Resources */,
				B37D60412B6E4793008379E1 /* PopupChoiceViewController.storyboard in Resources */,
				B37616C12B6D641400C4E542 /* NationSelectionVC.storyboard in Resources */,
				B3DF17F52B55A7990028147A /* FeedCell.xib in Resources */,
				B376169C2B68AE8100C4E542 /* MyPage.storyboard in Resources */,
				B3AD189D2B5394BD003D7368 /* LaunchScreen.storyboard in Resources */,
				9C4EDA7F2B47EF8C00BFDC48 /* Inter-Bold.ttf in Resources */,
				9C4EDA7B2B47EF8C00BFDC48 /* Inter-Thin.ttf in Resources */,
				9C4EDA792B47EF8C00BFDC48 /* Inter-Light.ttf in Resources */,
				9C4EDA772B47EF8C00BFDC48 /* Inter-ExtraLight.ttf in Resources */,
				9CB4A8C62B6A3AC800521184 /* PopupTemplateVC.storyboard in Resources */,
				9CB4A8C42B6A3AB600521184 /* NationSelectionVC.storyboard in Resources */,
				9C1B3C2F2B5E1A6A00AB3B73 /* IdentificationInputUnit.xib in Resources */,
				9C50A3402B5E5D7000082229 /* SearchResultTableViewCell.xib in Resources */,
				9C4EDA7D2B47EF8C00BFDC48 /* Inter-Medium.ttf in Resources */,
				9C4EDA7A2B47EF8C00BFDC48 /* Inter-Black.ttf in Resources */,
			);
			runOnlyForDeploymentPostprocessing = 0;
		};
		9C6B45432B47D9350068FA95 /* Resources */ = {
			isa = PBXResourcesBuildPhase;
			buildActionMask = 2147483647;
			files = (
			);
			runOnlyForDeploymentPostprocessing = 0;
		};
		9C6B454D2B47D9350068FA95 /* Resources */ = {
			isa = PBXResourcesBuildPhase;
			buildActionMask = 2147483647;
			files = (
			);
			runOnlyForDeploymentPostprocessing = 0;
		};
/* End PBXResourcesBuildPhase section */

/* Begin PBXSourcesBuildPhase section */
		9C6B452B2B47D9340068FA95 /* Sources */ = {
			isa = PBXSourcesBuildPhase;
			buildActionMask = 2147483647;
			files = (
				9C50A33E2B5E57E200082229 /* UITextField+Extension.swift in Sources */,
				9CB80B922B53AD6F002FD656 /* UIViewController+Extension.swift in Sources */,
				9C50A3422B5E5DEA00082229 /* SearchResultTableViewCell.swift in Sources */,
				9CFC5FAC2B6CA9D500997BDC /* CountryDTO.swift in Sources */,
				9CB4A8C22B6A3AAB00521184 /* NationSelectionVC.swift in Sources */,
				9CB351862B4E774000EE36F0 /* SignupCustomTextField.swift in Sources */,
				9C6B45372B47D9340068FA95 /* ViewController.swift in Sources */,
				9CB80B962B53B933002FD656 /* UIApplication.swift in Sources */,
				9C4EDA872B47F2A600BFDC48 /* SignupVC.swift in Sources */,
				9C3DF48E2B4A943D006CE6E5 /* SignupInputComponent.swift in Sources */,
				9C6B45332B47D9340068FA95 /* AppDelegate.swift in Sources */,
				9CB80B942B53B2D7002FD656 /* UIAlertController+Extension.swift in Sources */,
				9CB4A8C82B6A3ACE00521184 /* PopupTemplateVC.swift in Sources */,
				9C1B3C242B5D25B600AB3B73 /* IdentificationVC.swift in Sources */,
				9C1B3C2B2B5E1A5200AB3B73 /* IdentificationInputUnit.swift in Sources */,
				9C374CF22B6CDF6900F879C4 /* NationSelectionCell.swift in Sources */,
				9C6B45352B47D9340068FA95 /* SceneDelegate.swift in Sources */,
				9C50A33B2B5E508E00082229 /* SelectNationPopup.swift in Sources */,
				9CC25CF02B4BC18A00C07086 /* SignupEmailComponent.swift in Sources */,
				9C4EDA842B47F27C00BFDC48 /* ServerSelectVC.swift in Sources */,
			);
			runOnlyForDeploymentPostprocessing = 0;
		};
		9C6B45412B47D9350068FA95 /* Sources */ = {
			isa = PBXSourcesBuildPhase;
			buildActionMask = 2147483647;
			files = (
				9C6B454A2B47D9350068FA95 /* YounetProjectTests.swift in Sources */,
			);
			runOnlyForDeploymentPostprocessing = 0;
		};
		9C6B454B2B47D9350068FA95 /* Sources */ = {
			isa = PBXSourcesBuildPhase;
			buildActionMask = 2147483647;
			files = (
				9C6B45562B47D9350068FA95 /* YounetProjectUITestsLaunchTests.swift in Sources */,
				9C6B45542B47D9350068FA95 /* YounetProjectUITests.swift in Sources */,
			);
			runOnlyForDeploymentPostprocessing = 0;
		};
/* End PBXSourcesBuildPhase section */

/* Begin PBXTargetDependency section */
		9C6B45472B47D9350068FA95 /* PBXTargetDependency */ = {
			isa = PBXTargetDependency;
			target = 9C6B452E2B47D9340068FA95 /* YounetProject */;
			targetProxy = 9C6B45462B47D9350068FA95 /* PBXContainerItemProxy */;
		};
		9C6B45512B47D9350068FA95 /* PBXTargetDependency */ = {
			isa = PBXTargetDependency;
			target = 9C6B452E2B47D9340068FA95 /* YounetProject */;
			targetProxy = 9C6B45502B47D9350068FA95 /* PBXContainerItemProxy */;
		};
/* End PBXTargetDependency section */

/* Begin PBXVariantGroup section */
		9C6B45382B47D9340068FA95 /* Main.storyboard */ = {
			isa = PBXVariantGroup;
			children = (
				9C6B45392B47D9340068FA95 /* Base */,
			);
			name = Main.storyboard;
			sourceTree = "<group>";
		};
/* End PBXVariantGroup section */

/* Begin XCBuildConfiguration section */
		9C6B45572B47D9350068FA95 /* Debug */ = {
			isa = XCBuildConfiguration;
			buildSettings = {
				ALWAYS_SEARCH_USER_PATHS = NO;
				ASSETCATALOG_COMPILER_GENERATE_SWIFT_ASSET_SYMBOL_EXTENSIONS = YES;
				CLANG_ANALYZER_NONNULL = YES;
				CLANG_ANALYZER_NUMBER_OBJECT_CONVERSION = YES_AGGRESSIVE;
				CLANG_CXX_LANGUAGE_STANDARD = "gnu++20";
				CLANG_ENABLE_MODULES = YES;
				CLANG_ENABLE_OBJC_ARC = YES;
				CLANG_ENABLE_OBJC_WEAK = YES;
				CLANG_WARN_BLOCK_CAPTURE_AUTORELEASING = YES;
				CLANG_WARN_BOOL_CONVERSION = YES;
				CLANG_WARN_COMMA = YES;
				CLANG_WARN_CONSTANT_CONVERSION = YES;
				CLANG_WARN_DEPRECATED_OBJC_IMPLEMENTATIONS = YES;
				CLANG_WARN_DIRECT_OBJC_ISA_USAGE = YES_ERROR;
				CLANG_WARN_DOCUMENTATION_COMMENTS = YES;
				CLANG_WARN_EMPTY_BODY = YES;
				CLANG_WARN_ENUM_CONVERSION = YES;
				CLANG_WARN_INFINITE_RECURSION = YES;
				CLANG_WARN_INT_CONVERSION = YES;
				CLANG_WARN_NON_LITERAL_NULL_CONVERSION = YES;
				CLANG_WARN_OBJC_IMPLICIT_RETAIN_SELF = YES;
				CLANG_WARN_OBJC_LITERAL_CONVERSION = YES;
				CLANG_WARN_OBJC_ROOT_CLASS = YES_ERROR;
				CLANG_WARN_QUOTED_INCLUDE_IN_FRAMEWORK_HEADER = YES;
				CLANG_WARN_RANGE_LOOP_ANALYSIS = YES;
				CLANG_WARN_STRICT_PROTOTYPES = YES;
				CLANG_WARN_SUSPICIOUS_MOVE = YES;
				CLANG_WARN_UNGUARDED_AVAILABILITY = YES_AGGRESSIVE;
				CLANG_WARN_UNREACHABLE_CODE = YES;
				CLANG_WARN__DUPLICATE_METHOD_MATCH = YES;
				COPY_PHASE_STRIP = NO;
				DEBUG_INFORMATION_FORMAT = dwarf;
				ENABLE_STRICT_OBJC_MSGSEND = YES;
				ENABLE_TESTABILITY = YES;
				ENABLE_USER_SCRIPT_SANDBOXING = YES;
				GCC_C_LANGUAGE_STANDARD = gnu17;
				GCC_DYNAMIC_NO_PIC = NO;
				GCC_NO_COMMON_BLOCKS = YES;
				GCC_OPTIMIZATION_LEVEL = 0;
				GCC_PREPROCESSOR_DEFINITIONS = (
					"DEBUG=1",
					"$(inherited)",
				);
				GCC_WARN_64_TO_32_BIT_CONVERSION = YES;
				GCC_WARN_ABOUT_RETURN_TYPE = YES_ERROR;
				GCC_WARN_UNDECLARED_SELECTOR = YES;
				GCC_WARN_UNINITIALIZED_AUTOS = YES_AGGRESSIVE;
				GCC_WARN_UNUSED_FUNCTION = YES;
				GCC_WARN_UNUSED_VARIABLE = YES;
				INFOPLIST_KEY_UILaunchScreen_Generation = YES;
				IPHONEOS_DEPLOYMENT_TARGET = 17.2;
				LOCALIZATION_PREFERS_STRING_CATALOGS = YES;
				MTL_ENABLE_DEBUG_INFO = INCLUDE_SOURCE;
				MTL_FAST_MATH = YES;
				ONLY_ACTIVE_ARCH = YES;
				SDKROOT = iphoneos;
				SWIFT_ACTIVE_COMPILATION_CONDITIONS = "DEBUG $(inherited)";
				SWIFT_OPTIMIZATION_LEVEL = "-Onone";
			};
			name = Debug;
		};
		9C6B45582B47D9350068FA95 /* Release */ = {
			isa = XCBuildConfiguration;
			buildSettings = {
				ALWAYS_SEARCH_USER_PATHS = NO;
				ASSETCATALOG_COMPILER_GENERATE_SWIFT_ASSET_SYMBOL_EXTENSIONS = YES;
				CLANG_ANALYZER_NONNULL = YES;
				CLANG_ANALYZER_NUMBER_OBJECT_CONVERSION = YES_AGGRESSIVE;
				CLANG_CXX_LANGUAGE_STANDARD = "gnu++20";
				CLANG_ENABLE_MODULES = YES;
				CLANG_ENABLE_OBJC_ARC = YES;
				CLANG_ENABLE_OBJC_WEAK = YES;
				CLANG_WARN_BLOCK_CAPTURE_AUTORELEASING = YES;
				CLANG_WARN_BOOL_CONVERSION = YES;
				CLANG_WARN_COMMA = YES;
				CLANG_WARN_CONSTANT_CONVERSION = YES;
				CLANG_WARN_DEPRECATED_OBJC_IMPLEMENTATIONS = YES;
				CLANG_WARN_DIRECT_OBJC_ISA_USAGE = YES_ERROR;
				CLANG_WARN_DOCUMENTATION_COMMENTS = YES;
				CLANG_WARN_EMPTY_BODY = YES;
				CLANG_WARN_ENUM_CONVERSION = YES;
				CLANG_WARN_INFINITE_RECURSION = YES;
				CLANG_WARN_INT_CONVERSION = YES;
				CLANG_WARN_NON_LITERAL_NULL_CONVERSION = YES;
				CLANG_WARN_OBJC_IMPLICIT_RETAIN_SELF = YES;
				CLANG_WARN_OBJC_LITERAL_CONVERSION = YES;
				CLANG_WARN_OBJC_ROOT_CLASS = YES_ERROR;
				CLANG_WARN_QUOTED_INCLUDE_IN_FRAMEWORK_HEADER = YES;
				CLANG_WARN_RANGE_LOOP_ANALYSIS = YES;
				CLANG_WARN_STRICT_PROTOTYPES = YES;
				CLANG_WARN_SUSPICIOUS_MOVE = YES;
				CLANG_WARN_UNGUARDED_AVAILABILITY = YES_AGGRESSIVE;
				CLANG_WARN_UNREACHABLE_CODE = YES;
				CLANG_WARN__DUPLICATE_METHOD_MATCH = YES;
				COPY_PHASE_STRIP = NO;
				DEBUG_INFORMATION_FORMAT = "dwarf-with-dsym";
				ENABLE_NS_ASSERTIONS = NO;
				ENABLE_STRICT_OBJC_MSGSEND = YES;
				ENABLE_USER_SCRIPT_SANDBOXING = YES;
				GCC_C_LANGUAGE_STANDARD = gnu17;
				GCC_NO_COMMON_BLOCKS = YES;
				GCC_WARN_64_TO_32_BIT_CONVERSION = YES;
				GCC_WARN_ABOUT_RETURN_TYPE = YES_ERROR;
				GCC_WARN_UNDECLARED_SELECTOR = YES;
				GCC_WARN_UNINITIALIZED_AUTOS = YES_AGGRESSIVE;
				GCC_WARN_UNUSED_FUNCTION = YES;
				GCC_WARN_UNUSED_VARIABLE = YES;
				INFOPLIST_KEY_UILaunchScreen_Generation = YES;
				IPHONEOS_DEPLOYMENT_TARGET = 17.2;
				LOCALIZATION_PREFERS_STRING_CATALOGS = YES;
				MTL_ENABLE_DEBUG_INFO = NO;
				MTL_FAST_MATH = YES;
				SDKROOT = iphoneos;
				SWIFT_COMPILATION_MODE = wholemodule;
				VALIDATE_PRODUCT = YES;
			};
			name = Release;
		};
		9C6B455A2B47D9350068FA95 /* Debug */ = {
			isa = XCBuildConfiguration;
			buildSettings = {
				ASSETCATALOG_COMPILER_APPICON_NAME = AppIcon;
				ASSETCATALOG_COMPILER_GLOBAL_ACCENT_COLOR_NAME = AccentColor;
				ASSETCATALOG_COMPILER_INCLUDE_ALL_APPICON_ASSETS = NO;
				CODE_SIGN_STYLE = Automatic;
				CURRENT_PROJECT_VERSION = 1;
				GENERATE_INFOPLIST_FILE = YES;
				INFOPLIST_FILE = YounetProject/Info.plist;
				INFOPLIST_KEY_NSCameraUsageDescription = "Photo Library Permission Request";
				INFOPLIST_KEY_NSPhotoLibraryUsageDescription = "Camera Permission Request";
				INFOPLIST_KEY_UIApplicationSupportsIndirectInputEvents = YES;
				INFOPLIST_KEY_UILaunchScreen_Generation = YES;
				INFOPLIST_KEY_UILaunchStoryboardName = LaunchScreen.storyboard;
				INFOPLIST_KEY_UIMainStoryboardFile = Main;
				INFOPLIST_KEY_UISupportedInterfaceOrientations_iPad = "UIInterfaceOrientationPortrait UIInterfaceOrientationPortraitUpsideDown UIInterfaceOrientationLandscapeLeft UIInterfaceOrientationLandscapeRight";
				INFOPLIST_KEY_UISupportedInterfaceOrientations_iPhone = "UIInterfaceOrientationPortrait UIInterfaceOrientationLandscapeLeft UIInterfaceOrientationLandscapeRight";
				LD_RUNPATH_SEARCH_PATHS = (
					"$(inherited)",
					"@executable_path/Frameworks",
				);
				MARKETING_VERSION = 1.0;
				PRODUCT_BUNDLE_IDENTIFIER = com.younet.YounetProject;
				PRODUCT_NAME = "$(TARGET_NAME)";
				SWIFT_EMIT_LOC_STRINGS = YES;
				SWIFT_VERSION = 5.0;
				TARGETED_DEVICE_FAMILY = "1,2";
			};
			name = Debug;
		};
		9C6B455B2B47D9350068FA95 /* Release */ = {
			isa = XCBuildConfiguration;
			buildSettings = {
				ASSETCATALOG_COMPILER_APPICON_NAME = AppIcon;
				ASSETCATALOG_COMPILER_GLOBAL_ACCENT_COLOR_NAME = AccentColor;
				ASSETCATALOG_COMPILER_INCLUDE_ALL_APPICON_ASSETS = NO;
				CODE_SIGN_STYLE = Automatic;
				CURRENT_PROJECT_VERSION = 1;
				GENERATE_INFOPLIST_FILE = YES;
				INFOPLIST_FILE = YounetProject/Info.plist;
				INFOPLIST_KEY_NSCameraUsageDescription = "Photo Library Permission Request";
				INFOPLIST_KEY_NSPhotoLibraryUsageDescription = "Camera Permission Request";
				INFOPLIST_KEY_UIApplicationSupportsIndirectInputEvents = YES;
				INFOPLIST_KEY_UILaunchScreen_Generation = YES;
				INFOPLIST_KEY_UILaunchStoryboardName = LaunchScreen.storyboard;
				INFOPLIST_KEY_UIMainStoryboardFile = Main;
				INFOPLIST_KEY_UISupportedInterfaceOrientations_iPad = "UIInterfaceOrientationPortrait UIInterfaceOrientationPortraitUpsideDown UIInterfaceOrientationLandscapeLeft UIInterfaceOrientationLandscapeRight";
				INFOPLIST_KEY_UISupportedInterfaceOrientations_iPhone = "UIInterfaceOrientationPortrait UIInterfaceOrientationLandscapeLeft UIInterfaceOrientationLandscapeRight";
				LD_RUNPATH_SEARCH_PATHS = (
					"$(inherited)",
					"@executable_path/Frameworks",
				);
				MARKETING_VERSION = 1.0;
				PRODUCT_BUNDLE_IDENTIFIER = com.younet.YounetProject;
				PRODUCT_NAME = "$(TARGET_NAME)";
				SWIFT_EMIT_LOC_STRINGS = YES;
				SWIFT_VERSION = 5.0;
				TARGETED_DEVICE_FAMILY = "1,2";
			};
			name = Release;
		};
		9C6B455D2B47D9350068FA95 /* Debug */ = {
			isa = XCBuildConfiguration;
			buildSettings = {
				ALWAYS_EMBED_SWIFT_STANDARD_LIBRARIES = YES;
				BUNDLE_LOADER = "$(TEST_HOST)";
				CODE_SIGN_STYLE = Automatic;
				CURRENT_PROJECT_VERSION = 1;
				GENERATE_INFOPLIST_FILE = YES;
				IPHONEOS_DEPLOYMENT_TARGET = 17.2;
				MARKETING_VERSION = 1.0;
				PRODUCT_BUNDLE_IDENTIFIER = com.younet.YounetProjectTests;
				PRODUCT_NAME = "$(TARGET_NAME)";
				SWIFT_EMIT_LOC_STRINGS = NO;
				SWIFT_VERSION = 5.0;
				TARGETED_DEVICE_FAMILY = "1,2";
				TEST_HOST = "$(BUILT_PRODUCTS_DIR)/YounetProject.app/$(BUNDLE_EXECUTABLE_FOLDER_PATH)/YounetProject";
			};
			name = Debug;
		};
		9C6B455E2B47D9350068FA95 /* Release */ = {
			isa = XCBuildConfiguration;
			buildSettings = {
				ALWAYS_EMBED_SWIFT_STANDARD_LIBRARIES = YES;
				BUNDLE_LOADER = "$(TEST_HOST)";
				CODE_SIGN_STYLE = Automatic;
				CURRENT_PROJECT_VERSION = 1;
				GENERATE_INFOPLIST_FILE = YES;
				IPHONEOS_DEPLOYMENT_TARGET = 17.2;
				MARKETING_VERSION = 1.0;
				PRODUCT_BUNDLE_IDENTIFIER = com.younet.YounetProjectTests;
				PRODUCT_NAME = "$(TARGET_NAME)";
				SWIFT_EMIT_LOC_STRINGS = NO;
				SWIFT_VERSION = 5.0;
				TARGETED_DEVICE_FAMILY = "1,2";
				TEST_HOST = "$(BUILT_PRODUCTS_DIR)/YounetProject.app/$(BUNDLE_EXECUTABLE_FOLDER_PATH)/YounetProject";
			};
			name = Release;
		};
		9C6B45602B47D9350068FA95 /* Debug */ = {
			isa = XCBuildConfiguration;
			buildSettings = {
				ALWAYS_EMBED_SWIFT_STANDARD_LIBRARIES = YES;
				CODE_SIGN_STYLE = Automatic;
				CURRENT_PROJECT_VERSION = 1;
				GENERATE_INFOPLIST_FILE = YES;
				MARKETING_VERSION = 1.0;
				PRODUCT_BUNDLE_IDENTIFIER = com.younet.YounetProjectUITests;
				PRODUCT_NAME = "$(TARGET_NAME)";
				SWIFT_EMIT_LOC_STRINGS = NO;
				SWIFT_VERSION = 5.0;
				TARGETED_DEVICE_FAMILY = "1,2";
				TEST_TARGET_NAME = YounetProject;
			};
			name = Debug;
		};
		9C6B45612B47D9350068FA95 /* Release */ = {
			isa = XCBuildConfiguration;
			buildSettings = {
				ALWAYS_EMBED_SWIFT_STANDARD_LIBRARIES = YES;
				CODE_SIGN_STYLE = Automatic;
				CURRENT_PROJECT_VERSION = 1;
				GENERATE_INFOPLIST_FILE = YES;
				MARKETING_VERSION = 1.0;
				PRODUCT_BUNDLE_IDENTIFIER = com.younet.YounetProjectUITests;
				PRODUCT_NAME = "$(TARGET_NAME)";
				SWIFT_EMIT_LOC_STRINGS = NO;
				SWIFT_VERSION = 5.0;
				TARGETED_DEVICE_FAMILY = "1,2";
				TEST_TARGET_NAME = YounetProject;
			};
			name = Release;
		};
/* End XCBuildConfiguration section */

/* Begin XCConfigurationList section */
		9C6B452A2B47D9340068FA95 /* Build configuration list for PBXProject "YounetProject" */ = {
			isa = XCConfigurationList;
			buildConfigurations = (
				9C6B45572B47D9350068FA95 /* Debug */,
				9C6B45582B47D9350068FA95 /* Release */,
			);
			defaultConfigurationIsVisible = 0;
			defaultConfigurationName = Release;
		};
		9C6B45592B47D9350068FA95 /* Build configuration list for PBXNativeTarget "YounetProject" */ = {
			isa = XCConfigurationList;
			buildConfigurations = (
				9C6B455A2B47D9350068FA95 /* Debug */,
				9C6B455B2B47D9350068FA95 /* Release */,
			);
			defaultConfigurationIsVisible = 0;
			defaultConfigurationName = Release;
		};
		9C6B455C2B47D9350068FA95 /* Build configuration list for PBXNativeTarget "YounetProjectTests" */ = {
			isa = XCConfigurationList;
			buildConfigurations = (
				9C6B455D2B47D9350068FA95 /* Debug */,
				9C6B455E2B47D9350068FA95 /* Release */,
			);
			defaultConfigurationIsVisible = 0;
			defaultConfigurationName = Release;
		};
		9C6B455F2B47D9350068FA95 /* Build configuration list for PBXNativeTarget "YounetProjectUITests" */ = {
			isa = XCConfigurationList;
			buildConfigurations = (
				9C6B45602B47D9350068FA95 /* Debug */,
				9C6B45612B47D9350068FA95 /* Release */,
			);
			defaultConfigurationIsVisible = 0;
			defaultConfigurationName = Release;
		};
/* End XCConfigurationList section */
	};
	rootObject = 9C6B45272B47D9340068FA95 /* Project object */;
}
