// !$*UTF8*$!
{
	archiveVersion = 1;
	classes = {
	};
	objectVersion = 56;
	objects = {

/* Begin PBXBuildFile section */
		4D4643212B4FCE8D00AE4DF2 /* FeedCell.swift in Sources */ = {isa = PBXBuildFile; fileRef = 4D46431F2B4FCE8D00AE4DF2 /* FeedCell.swift */; };
		4D4643222B4FCE8D00AE4DF2 /* FeedCell.xib in Resources */ = {isa = PBXBuildFile; fileRef = 4D4643202B4FCE8D00AE4DF2 /* FeedCell.xib */; };
		4DAD139B2B52B14800A84525 /* AlarmCell.swift in Sources */ = {isa = PBXBuildFile; fileRef = 4DAD13992B52B14800A84525 /* AlarmCell.swift */; };
		4DAD139C2B52B14800A84525 /* AlarmCell.xib in Resources */ = {isa = PBXBuildFile; fileRef = 4DAD139A2B52B14800A84525 /* AlarmCell.xib */; };
		4DAD139E2B5E8DFA00A84525 /* Comunity.storyboard in Resources */ = {isa = PBXBuildFile; fileRef = 4DAD139D2B5E8DFA00A84525 /* Comunity.storyboard */; };
		4DAD13A32B5FB36600A84525 /* Country.swift in Sources */ = {isa = PBXBuildFile; fileRef = 4DAD13A22B5FB36600A84525 /* Country.swift */; };
		4DAD13A62B5FDFEE00A84525 /* FeedDetailCell.swift in Sources */ = {isa = PBXBuildFile; fileRef = 4DAD13A42B5FDFEE00A84525 /* FeedDetailCell.swift */; };
		4DAD13A72B5FDFEE00A84525 /* FeedDetailCell.xib in Resources */ = {isa = PBXBuildFile; fileRef = 4DAD13A52B5FDFEE00A84525 /* FeedDetailCell.xib */; };
		4DC538BC2B516A1400CEC5B6 /* SearchViewController.swift in Sources */ = {isa = PBXBuildFile; fileRef = 4DC538BB2B516A1400CEC5B6 /* SearchViewController.swift */; };
		4DC538BE2B516A3B00CEC5B6 /* AlarmViewController.swift in Sources */ = {isa = PBXBuildFile; fileRef = 4DC538BD2B516A3B00CEC5B6 /* AlarmViewController.swift */; };
		4DC538C22B5176C300CEC5B6 /* DetailViewController.swift in Sources */ = {isa = PBXBuildFile; fileRef = 4DC538C12B5176C300CEC5B6 /* DetailViewController.swift */; };
		4DCAF0BE2B50096F00120E13 /* TabBarController.swift in Sources */ = {isa = PBXBuildFile; fileRef = 4DCAF0BD2B50096F00120E13 /* TabBarController.swift */; };
		4DDBE8322B4D7E7800B8A25A /* HomeViewController.swift in Sources */ = {isa = PBXBuildFile; fileRef = 4DDBE8312B4D7E7800B8A25A /* HomeViewController.swift */; };
		4DDBE8342B4D7E8000B8A25A /* PostViewController.swift in Sources */ = {isa = PBXBuildFile; fileRef = 4DDBE8332B4D7E8000B8A25A /* PostViewController.swift */; };
		4DDBE8362B4D7E8800B8A25A /* ChatViewController.swift in Sources */ = {isa = PBXBuildFile; fileRef = 4DDBE8352B4D7E8800B8A25A /* ChatViewController.swift */; };
		4DDBE8382B4D7E8E00B8A25A /* MyViewController.swift in Sources */ = {isa = PBXBuildFile; fileRef = 4DDBE8372B4D7E8E00B8A25A /* MyViewController.swift */; };
		4DDBE83A2B4D91A900B8A25A /* CountrySelectionViewController.swift in Sources */ = {isa = PBXBuildFile; fileRef = 4DDBE8392B4D91A900B8A25A /* CountrySelectionViewController.swift */; };
		9C4EDA772B47EF8C00BFDC48 /* Inter-ExtraLight.ttf in Resources */ = {isa = PBXBuildFile; fileRef = 9C4EDA6E2B47EF8B00BFDC48 /* Inter-ExtraLight.ttf */; };
		9C4EDA782B47EF8C00BFDC48 /* Inter-Regular.ttf in Resources */ = {isa = PBXBuildFile; fileRef = 9C4EDA6F2B47EF8C00BFDC48 /* Inter-Regular.ttf */; };
		9C4EDA792B47EF8C00BFDC48 /* Inter-Light.ttf in Resources */ = {isa = PBXBuildFile; fileRef = 9C4EDA702B47EF8C00BFDC48 /* Inter-Light.ttf */; };
		9C4EDA7A2B47EF8C00BFDC48 /* Inter-Black.ttf in Resources */ = {isa = PBXBuildFile; fileRef = 9C4EDA712B47EF8C00BFDC48 /* Inter-Black.ttf */; };
		9C4EDA7B2B47EF8C00BFDC48 /* Inter-Thin.ttf in Resources */ = {isa = PBXBuildFile; fileRef = 9C4EDA722B47EF8C00BFDC48 /* Inter-Thin.ttf */; };
		9C4EDA7C2B47EF8C00BFDC48 /* Inter-SemiBold.ttf in Resources */ = {isa = PBXBuildFile; fileRef = 9C4EDA732B47EF8C00BFDC48 /* Inter-SemiBold.ttf */; };
		9C4EDA7D2B47EF8C00BFDC48 /* Inter-Medium.ttf in Resources */ = {isa = PBXBuildFile; fileRef = 9C4EDA742B47EF8C00BFDC48 /* Inter-Medium.ttf */; };
		9C4EDA7E2B47EF8C00BFDC48 /* Inter-ExtraBold.ttf in Resources */ = {isa = PBXBuildFile; fileRef = 9C4EDA752B47EF8C00BFDC48 /* Inter-ExtraBold.ttf */; };
		9C4EDA7F2B47EF8C00BFDC48 /* Inter-Bold.ttf in Resources */ = {isa = PBXBuildFile; fileRef = 9C4EDA762B47EF8C00BFDC48 /* Inter-Bold.ttf */; };
		9C6B45332B47D9340068FA95 /* AppDelegate.swift in Sources */ = {isa = PBXBuildFile; fileRef = 9C6B45322B47D9340068FA95 /* AppDelegate.swift */; };
		9C6B45352B47D9340068FA95 /* SceneDelegate.swift in Sources */ = {isa = PBXBuildFile; fileRef = 9C6B45342B47D9340068FA95 /* SceneDelegate.swift */; };
		9C6B45372B47D9340068FA95 /* ViewController.swift in Sources */ = {isa = PBXBuildFile; fileRef = 9C6B45362B47D9340068FA95 /* ViewController.swift */; };
		9C6B453A2B47D9340068FA95 /* Main.storyboard in Resources */ = {isa = PBXBuildFile; fileRef = 9C6B45382B47D9340068FA95 /* Main.storyboard */; };
		9C6B453C2B47D9350068FA95 /* Assets.xcassets in Resources */ = {isa = PBXBuildFile; fileRef = 9C6B453B2B47D9350068FA95 /* Assets.xcassets */; };
		9C6B453F2B47D9350068FA95 /* LaunchScreen.storyboard in Resources */ = {isa = PBXBuildFile; fileRef = 9C6B453D2B47D9350068FA95 /* LaunchScreen.storyboard */; };
		9C6B454A2B47D9350068FA95 /* YounetProjectTests.swift in Sources */ = {isa = PBXBuildFile; fileRef = 9C6B45492B47D9350068FA95 /* YounetProjectTests.swift */; };
		9C6B45542B47D9350068FA95 /* YounetProjectUITests.swift in Sources */ = {isa = PBXBuildFile; fileRef = 9C6B45532B47D9350068FA95 /* YounetProjectUITests.swift */; };
		9C6B45562B47D9350068FA95 /* YounetProjectUITestsLaunchTests.swift in Sources */ = {isa = PBXBuildFile; fileRef = 9C6B45552B47D9350068FA95 /* YounetProjectUITestsLaunchTests.swift */; };
/* End PBXBuildFile section */

/* Begin PBXContainerItemProxy section */
		9C6B45462B47D9350068FA95 /* PBXContainerItemProxy */ = {
			isa = PBXContainerItemProxy;
			containerPortal = 9C6B45272B47D9340068FA95 /* Project object */;
			proxyType = 1;
			remoteGlobalIDString = 9C6B452E2B47D9340068FA95;
			remoteInfo = YounetProject;
		};
		9C6B45502B47D9350068FA95 /* PBXContainerItemProxy */ = {
			isa = PBXContainerItemProxy;
			containerPortal = 9C6B45272B47D9340068FA95 /* Project object */;
			proxyType = 1;
			remoteGlobalIDString = 9C6B452E2B47D9340068FA95;
			remoteInfo = YounetProject;
		};
/* End PBXContainerItemProxy section */

/* Begin PBXFileReference section */
		4D46431F2B4FCE8D00AE4DF2 /* FeedCell.swift */ = {isa = PBXFileReference; lastKnownFileType = sourcecode.swift; path = FeedCell.swift; sourceTree = "<group>"; };
		4D4643202B4FCE8D00AE4DF2 /* FeedCell.xib */ = {isa = PBXFileReference; lastKnownFileType = file.xib; path = FeedCell.xib; sourceTree = "<group>"; };
		4DAD13992B52B14800A84525 /* AlarmCell.swift */ = {isa = PBXFileReference; lastKnownFileType = sourcecode.swift; path = AlarmCell.swift; sourceTree = "<group>"; };
		4DAD139A2B52B14800A84525 /* AlarmCell.xib */ = {isa = PBXFileReference; lastKnownFileType = file.xib; path = AlarmCell.xib; sourceTree = "<group>"; };
		4DAD139D2B5E8DFA00A84525 /* Comunity.storyboard */ = {isa = PBXFileReference; lastKnownFileType = file.storyboard; path = Comunity.storyboard; sourceTree = "<group>"; };
		4DAD13A22B5FB36600A84525 /* Country.swift */ = {isa = PBXFileReference; lastKnownFileType = sourcecode.swift; path = Country.swift; sourceTree = "<group>"; };
		4DAD13A42B5FDFEE00A84525 /* FeedDetailCell.swift */ = {isa = PBXFileReference; lastKnownFileType = sourcecode.swift; path = FeedDetailCell.swift; sourceTree = "<group>"; };
		4DAD13A52B5FDFEE00A84525 /* FeedDetailCell.xib */ = {isa = PBXFileReference; lastKnownFileType = file.xib; path = FeedDetailCell.xib; sourceTree = "<group>"; };
		4DC538BB2B516A1400CEC5B6 /* SearchViewController.swift */ = {isa = PBXFileReference; lastKnownFileType = sourcecode.swift; path = SearchViewController.swift; sourceTree = "<group>"; };
		4DC538BD2B516A3B00CEC5B6 /* AlarmViewController.swift */ = {isa = PBXFileReference; lastKnownFileType = sourcecode.swift; path = AlarmViewController.swift; sourceTree = "<group>"; };
		4DC538C12B5176C300CEC5B6 /* DetailViewController.swift */ = {isa = PBXFileReference; lastKnownFileType = sourcecode.swift; path = DetailViewController.swift; sourceTree = "<group>"; };
		4DCAF0BD2B50096F00120E13 /* TabBarController.swift */ = {isa = PBXFileReference; lastKnownFileType = sourcecode.swift; path = TabBarController.swift; sourceTree = "<group>"; };
		4DDBE8312B4D7E7800B8A25A /* HomeViewController.swift */ = {isa = PBXFileReference; lastKnownFileType = sourcecode.swift; path = HomeViewController.swift; sourceTree = "<group>"; };
		4DDBE8332B4D7E8000B8A25A /* PostViewController.swift */ = {isa = PBXFileReference; lastKnownFileType = sourcecode.swift; path = PostViewController.swift; sourceTree = "<group>"; };
		4DDBE8352B4D7E8800B8A25A /* ChatViewController.swift */ = {isa = PBXFileReference; lastKnownFileType = sourcecode.swift; path = ChatViewController.swift; sourceTree = "<group>"; };
		4DDBE8372B4D7E8E00B8A25A /* MyViewController.swift */ = {isa = PBXFileReference; lastKnownFileType = sourcecode.swift; path = MyViewController.swift; sourceTree = "<group>"; };
		4DDBE8392B4D91A900B8A25A /* CountrySelectionViewController.swift */ = {isa = PBXFileReference; lastKnownFileType = sourcecode.swift; path = CountrySelectionViewController.swift; sourceTree = "<group>"; };
		9C4EDA6E2B47EF8B00BFDC48 /* Inter-ExtraLight.ttf */ = {isa = PBXFileReference; lastKnownFileType = file; path = "Inter-ExtraLight.ttf"; sourceTree = "<group>"; };
		9C4EDA6F2B47EF8C00BFDC48 /* Inter-Regular.ttf */ = {isa = PBXFileReference; lastKnownFileType = file; path = "Inter-Regular.ttf"; sourceTree = "<group>"; };
		9C4EDA702B47EF8C00BFDC48 /* Inter-Light.ttf */ = {isa = PBXFileReference; lastKnownFileType = file; path = "Inter-Light.ttf"; sourceTree = "<group>"; };
		9C4EDA712B47EF8C00BFDC48 /* Inter-Black.ttf */ = {isa = PBXFileReference; lastKnownFileType = file; path = "Inter-Black.ttf"; sourceTree = "<group>"; };
		9C4EDA722B47EF8C00BFDC48 /* Inter-Thin.ttf */ = {isa = PBXFileReference; lastKnownFileType = file; path = "Inter-Thin.ttf"; sourceTree = "<group>"; };
		9C4EDA732B47EF8C00BFDC48 /* Inter-SemiBold.ttf */ = {isa = PBXFileReference; lastKnownFileType = file; path = "Inter-SemiBold.ttf"; sourceTree = "<group>"; };
		9C4EDA742B47EF8C00BFDC48 /* Inter-Medium.ttf */ = {isa = PBXFileReference; lastKnownFileType = file; path = "Inter-Medium.ttf"; sourceTree = "<group>"; };
		9C4EDA752B47EF8C00BFDC48 /* Inter-ExtraBold.ttf */ = {isa = PBXFileReference; lastKnownFileType = file; path = "Inter-ExtraBold.ttf"; sourceTree = "<group>"; };
		9C4EDA762B47EF8C00BFDC48 /* Inter-Bold.ttf */ = {isa = PBXFileReference; lastKnownFileType = file; path = "Inter-Bold.ttf"; sourceTree = "<group>"; };
		9C6B452F2B47D9340068FA95 /* YounetProject.app */ = {isa = PBXFileReference; explicitFileType = wrapper.application; includeInIndex = 0; path = YounetProject.app; sourceTree = BUILT_PRODUCTS_DIR; };
		9C6B45322B47D9340068FA95 /* AppDelegate.swift */ = {isa = PBXFileReference; lastKnownFileType = sourcecode.swift; path = AppDelegate.swift; sourceTree = "<group>"; };
		9C6B45342B47D9340068FA95 /* SceneDelegate.swift */ = {isa = PBXFileReference; lastKnownFileType = sourcecode.swift; path = SceneDelegate.swift; sourceTree = "<group>"; };
		9C6B45362B47D9340068FA95 /* ViewController.swift */ = {isa = PBXFileReference; lastKnownFileType = sourcecode.swift; path = ViewController.swift; sourceTree = "<group>"; };
		9C6B45392B47D9340068FA95 /* Base */ = {isa = PBXFileReference; lastKnownFileType = file.storyboard; name = Base; path = Base.lproj/Main.storyboard; sourceTree = "<group>"; };
		9C6B453B2B47D9350068FA95 /* Assets.xcassets */ = {isa = PBXFileReference; lastKnownFileType = folder.assetcatalog; path = Assets.xcassets; sourceTree = "<group>"; };
		9C6B453E2B47D9350068FA95 /* Base */ = {isa = PBXFileReference; lastKnownFileType = file.storyboard; name = Base; path = Base.lproj/LaunchScreen.storyboard; sourceTree = "<group>"; };
		9C6B45402B47D9350068FA95 /* Info.plist */ = {isa = PBXFileReference; lastKnownFileType = text.plist.xml; path = Info.plist; sourceTree = "<group>"; };
		9C6B45452B47D9350068FA95 /* YounetProjectTests.xctest */ = {isa = PBXFileReference; explicitFileType = wrapper.cfbundle; includeInIndex = 0; path = YounetProjectTests.xctest; sourceTree = BUILT_PRODUCTS_DIR; };
		9C6B45492B47D9350068FA95 /* YounetProjectTests.swift */ = {isa = PBXFileReference; lastKnownFileType = sourcecode.swift; path = YounetProjectTests.swift; sourceTree = "<group>"; };
		9C6B454F2B47D9350068FA95 /* YounetProjectUITests.xctest */ = {isa = PBXFileReference; explicitFileType = wrapper.cfbundle; includeInIndex = 0; path = YounetProjectUITests.xctest; sourceTree = BUILT_PRODUCTS_DIR; };
		9C6B45532B47D9350068FA95 /* YounetProjectUITests.swift */ = {isa = PBXFileReference; lastKnownFileType = sourcecode.swift; path = YounetProjectUITests.swift; sourceTree = "<group>"; };
		9C6B45552B47D9350068FA95 /* YounetProjectUITestsLaunchTests.swift */ = {isa = PBXFileReference; lastKnownFileType = sourcecode.swift; path = YounetProjectUITestsLaunchTests.swift; sourceTree = "<group>"; };
/* End PBXFileReference section */

/* Begin PBXFrameworksBuildPhase section */
		9C6B452C2B47D9340068FA95 /* Frameworks */ = {
			isa = PBXFrameworksBuildPhase;
			buildActionMask = 2147483647;
			files = (
			);
			runOnlyForDeploymentPostprocessing = 0;
		};
		9C6B45422B47D9350068FA95 /* Frameworks */ = {
			isa = PBXFrameworksBuildPhase;
			buildActionMask = 2147483647;
			files = (
			);
			runOnlyForDeploymentPostprocessing = 0;
		};
		9C6B454C2B47D9350068FA95 /* Frameworks */ = {
			isa = PBXFrameworksBuildPhase;
			buildActionMask = 2147483647;
			files = (
			);
			runOnlyForDeploymentPostprocessing = 0;
		};
/* End PBXFrameworksBuildPhase section */

/* Begin PBXGroup section */
		4DAD13A12B5FB34B00A84525 /* Country */ = {
			isa = PBXGroup;
			children = (
				4DDBE8392B4D91A900B8A25A /* CountrySelectionViewController.swift */,
				4DAD13A22B5FB36600A84525 /* Country.swift */,
			);
			path = Country;
			sourceTree = "<group>";
		};
		4DC538BF2B51738900CEC5B6 /* Feed */ = {
			isa = PBXGroup;
			children = (
				4D46431F2B4FCE8D00AE4DF2 /* FeedCell.swift */,
				4D4643202B4FCE8D00AE4DF2 /* FeedCell.xib */,
				4DC538C12B5176C300CEC5B6 /* DetailViewController.swift */,
				4DAD13A42B5FDFEE00A84525 /* FeedDetailCell.swift */,
				4DAD13A52B5FDFEE00A84525 /* FeedDetailCell.xib */,
			);
			path = Feed;
			sourceTree = "<group>";
		};
		4DC538C02B51739B00CEC5B6 /* Alarm */ = {
			isa = PBXGroup;
			children = (
				4DC538BD2B516A3B00CEC5B6 /* AlarmViewController.swift */,
				4DAD13992B52B14800A84525 /* AlarmCell.swift */,
				4DAD139A2B52B14800A84525 /* AlarmCell.xib */,
			);
			path = Alarm;
			sourceTree = "<group>";
		};
		4DDBE82A2B4D484F00B8A25A /* Comunity */ = {
			isa = PBXGroup;
			children = (
				4DCAF0BD2B50096F00120E13 /* TabBarController.swift */,
				4DDBE8302B4D7E6B00B8A25A /* My */,
				4DDBE82F2B4D7E5F00B8A25A /* Chat */,
				4DDBE82E2B4D7E5800B8A25A /* Post */,
				4DDBE82D2B4D7E5000B8A25A /* Home */,
				4DAD139D2B5E8DFA00A84525 /* Comunity.storyboard */,
			);
			path = Comunity;
			sourceTree = "<group>";
		};
		4DDBE82D2B4D7E5000B8A25A /* Home */ = {
			isa = PBXGroup;
			children = (
				4DAD13A12B5FB34B00A84525 /* Country */,
				4DC538C02B51739B00CEC5B6 /* Alarm */,
				4DC538BF2B51738900CEC5B6 /* Feed */,
				4DDBE8312B4D7E7800B8A25A /* HomeViewController.swift */,
				4DC538BB2B516A1400CEC5B6 /* SearchViewController.swift */,
			);
			path = Home;
			sourceTree = "<group>";
		};
		4DDBE82E2B4D7E5800B8A25A /* Post */ = {
			isa = PBXGroup;
			children = (
				4DDBE8332B4D7E8000B8A25A /* PostViewController.swift */,
			);
			path = Post;
			sourceTree = "<group>";
		};
		4DDBE82F2B4D7E5F00B8A25A /* Chat */ = {
			isa = PBXGroup;
			children = (
				4DDBE8352B4D7E8800B8A25A /* ChatViewController.swift */,
			);
			path = Chat;
			sourceTree = "<group>";
		};
		4DDBE8302B4D7E6B00B8A25A /* My */ = {
			isa = PBXGroup;
			children = (
				4DDBE8372B4D7E8E00B8A25A /* MyViewController.swift */,
			);
			path = My;
			sourceTree = "<group>";
		};
		9C0426A62B47EB7400C693BC /* Scene */ = {
			isa = PBXGroup;
			children = (
			);
			path = Scene;
			sourceTree = "<group>";
		};
		9C4EDA6D2B47EF7600BFDC48 /* Font */ = {
			isa = PBXGroup;
			children = (
				9C4EDA712B47EF8C00BFDC48 /* Inter-Black.ttf */,
				9C4EDA762B47EF8C00BFDC48 /* Inter-Bold.ttf */,
				9C4EDA752B47EF8C00BFDC48 /* Inter-ExtraBold.ttf */,
				9C4EDA6E2B47EF8B00BFDC48 /* Inter-ExtraLight.ttf */,
				9C4EDA702B47EF8C00BFDC48 /* Inter-Light.ttf */,
				9C4EDA742B47EF8C00BFDC48 /* Inter-Medium.ttf */,
				9C4EDA6F2B47EF8C00BFDC48 /* Inter-Regular.ttf */,
				9C4EDA732B47EF8C00BFDC48 /* Inter-SemiBold.ttf */,
				9C4EDA722B47EF8C00BFDC48 /* Inter-Thin.ttf */,
			);
			path = Font;
			sourceTree = "<group>";
		};
		9C6B45262B47D9340068FA95 = {
			isa = PBXGroup;
			children = (
				9C6B45312B47D9340068FA95 /* YounetProject */,
				9C6B45482B47D9350068FA95 /* YounetProjectTests */,
				9C6B45522B47D9350068FA95 /* YounetProjectUITests */,
				9C6B45302B47D9340068FA95 /* Products */,
			);
			sourceTree = "<group>";
		};
		9C6B45302B47D9340068FA95 /* Products */ = {
			isa = PBXGroup;
			children = (
				9C6B452F2B47D9340068FA95 /* YounetProject.app */,
				9C6B45452B47D9350068FA95 /* YounetProjectTests.xctest */,
				9C6B454F2B47D9350068FA95 /* YounetProjectUITests.xctest */,
			);
			name = Products;
			sourceTree = "<group>";
		};
		9C6B45312B47D9340068FA95 /* YounetProject */ = {
			isa = PBXGroup;
			children = (
				4DDBE82A2B4D484F00B8A25A /* Comunity */,
				9C4EDA6D2B47EF7600BFDC48 /* Font */,
				9C0426A62B47EB7400C693BC /* Scene */,
				9C6B45322B47D9340068FA95 /* AppDelegate.swift */,
				9C6B45342B47D9340068FA95 /* SceneDelegate.swift */,
				9C6B45362B47D9340068FA95 /* ViewController.swift */,
				9C6B45382B47D9340068FA95 /* Main.storyboard */,
				9C6B453B2B47D9350068FA95 /* Assets.xcassets */,
				9C6B453D2B47D9350068FA95 /* LaunchScreen.storyboard */,
				9C6B45402B47D9350068FA95 /* Info.plist */,
			);
			path = YounetProject;
			sourceTree = "<group>";
		};
		9C6B45482B47D9350068FA95 /* YounetProjectTests */ = {
			isa = PBXGroup;
			children = (
				9C6B45492B47D9350068FA95 /* YounetProjectTests.swift */,
			);
			path = YounetProjectTests;
			sourceTree = "<group>";
		};
		9C6B45522B47D9350068FA95 /* YounetProjectUITests */ = {
			isa = PBXGroup;
			children = (
				9C6B45532B47D9350068FA95 /* YounetProjectUITests.swift */,
				9C6B45552B47D9350068FA95 /* YounetProjectUITestsLaunchTests.swift */,
			);
			path = YounetProjectUITests;
			sourceTree = "<group>";
		};
/* End PBXGroup section */

/* Begin PBXNativeTarget section */
		9C6B452E2B47D9340068FA95 /* YounetProject */ = {
			isa = PBXNativeTarget;
			buildConfigurationList = 9C6B45592B47D9350068FA95 /* Build configuration list for PBXNativeTarget "YounetProject" */;
			buildPhases = (
				9C6B452B2B47D9340068FA95 /* Sources */,
				9C6B452C2B47D9340068FA95 /* Frameworks */,
				9C6B452D2B47D9340068FA95 /* Resources */,
			);
			buildRules = (
			);
			dependencies = (
			);
			name = YounetProject;
			productName = YounetProject;
			productReference = 9C6B452F2B47D9340068FA95 /* YounetProject.app */;
			productType = "com.apple.product-type.application";
		};
		9C6B45442B47D9350068FA95 /* YounetProjectTests */ = {
			isa = PBXNativeTarget;
			buildConfigurationList = 9C6B455C2B47D9350068FA95 /* Build configuration list for PBXNativeTarget "YounetProjectTests" */;
			buildPhases = (
				9C6B45412B47D9350068FA95 /* Sources */,
				9C6B45422B47D9350068FA95 /* Frameworks */,
				9C6B45432B47D9350068FA95 /* Resources */,
			);
			buildRules = (
			);
			dependencies = (
				9C6B45472B47D9350068FA95 /* PBXTargetDependency */,
			);
			name = YounetProjectTests;
			productName = YounetProjectTests;
			productReference = 9C6B45452B47D9350068FA95 /* YounetProjectTests.xctest */;
			productType = "com.apple.product-type.bundle.unit-test";
		};
		9C6B454E2B47D9350068FA95 /* YounetProjectUITests */ = {
			isa = PBXNativeTarget;
			buildConfigurationList = 9C6B455F2B47D9350068FA95 /* Build configuration list for PBXNativeTarget "YounetProjectUITests" */;
			buildPhases = (
				9C6B454B2B47D9350068FA95 /* Sources */,
				9C6B454C2B47D9350068FA95 /* Frameworks */,
				9C6B454D2B47D9350068FA95 /* Resources */,
			);
			buildRules = (
			);
			dependencies = (
				9C6B45512B47D9350068FA95 /* PBXTargetDependency */,
			);
			name = YounetProjectUITests;
			productName = YounetProjectUITests;
			productReference = 9C6B454F2B47D9350068FA95 /* YounetProjectUITests.xctest */;
			productType = "com.apple.product-type.bundle.ui-testing";
		};
/* End PBXNativeTarget section */

/* Begin PBXProject section */
		9C6B45272B47D9340068FA95 /* Project object */ = {
			isa = PBXProject;
			attributes = {
				BuildIndependentTargetsInParallel = 1;
				LastSwiftUpdateCheck = 1510;
				LastUpgradeCheck = 1510;
				TargetAttributes = {
					9C6B452E2B47D9340068FA95 = {
						CreatedOnToolsVersion = 15.1;
					};
					9C6B45442B47D9350068FA95 = {
						CreatedOnToolsVersion = 15.1;
						TestTargetID = 9C6B452E2B47D9340068FA95;
					};
					9C6B454E2B47D9350068FA95 = {
						CreatedOnToolsVersion = 15.1;
						TestTargetID = 9C6B452E2B47D9340068FA95;
					};
				};
			};
			buildConfigurationList = 9C6B452A2B47D9340068FA95 /* Build configuration list for PBXProject "YounetProject" */;
			compatibilityVersion = "Xcode 14.0";
			developmentRegion = en;
			hasScannedForEncodings = 0;
			knownRegions = (
				en,
				Base,
			);
			mainGroup = 9C6B45262B47D9340068FA95;
			productRefGroup = 9C6B45302B47D9340068FA95 /* Products */;
			projectDirPath = "";
			projectRoot = "";
			targets = (
				9C6B452E2B47D9340068FA95 /* YounetProject */,
				9C6B45442B47D9350068FA95 /* YounetProjectTests */,
				9C6B454E2B47D9350068FA95 /* YounetProjectUITests */,
			);
		};
/* End PBXProject section */

/* Begin PBXResourcesBuildPhase section */
		9C6B452D2B47D9340068FA95 /* Resources */ = {
			isa = PBXResourcesBuildPhase;
			buildActionMask = 2147483647;
			files = (
				9C6B453F2B47D9350068FA95 /* LaunchScreen.storyboard in Resources */,
				9C4EDA7E2B47EF8C00BFDC48 /* Inter-ExtraBold.ttf in Resources */,
				9C4EDA782B47EF8C00BFDC48 /* Inter-Regular.ttf in Resources */,
				9C6B453C2B47D9350068FA95 /* Assets.xcassets in Resources */,
				9C4EDA7C2B47EF8C00BFDC48 /* Inter-SemiBold.ttf in Resources */,
				4DAD139C2B52B14800A84525 /* AlarmCell.xib in Resources */,
				9C6B453A2B47D9340068FA95 /* Main.storyboard in Resources */,
				9C4EDA7F2B47EF8C00BFDC48 /* Inter-Bold.ttf in Resources */,
				9C4EDA7B2B47EF8C00BFDC48 /* Inter-Thin.ttf in Resources */,
				9C4EDA792B47EF8C00BFDC48 /* Inter-Light.ttf in Resources */,
				4DAD13A72B5FDFEE00A84525 /* FeedDetailCell.xib in Resources */,
				4D4643222B4FCE8D00AE4DF2 /* FeedCell.xib in Resources */,
				9C4EDA772B47EF8C00BFDC48 /* Inter-ExtraLight.ttf in Resources */,
				9C4EDA7D2B47EF8C00BFDC48 /* Inter-Medium.ttf in Resources */,
				4DAD139E2B5E8DFA00A84525 /* Comunity.storyboard in Resources */,
				9C4EDA7A2B47EF8C00BFDC48 /* Inter-Black.ttf in Resources */,
			);
			runOnlyForDeploymentPostprocessing = 0;
		};
		9C6B45432B47D9350068FA95 /* Resources */ = {
			isa = PBXResourcesBuildPhase;
			buildActionMask = 2147483647;
			files = (
			);
			runOnlyForDeploymentPostprocessing = 0;
		};
		9C6B454D2B47D9350068FA95 /* Resources */ = {
			isa = PBXResourcesBuildPhase;
			buildActionMask = 2147483647;
			files = (
			);
			runOnlyForDeploymentPostprocessing = 0;
		};
/* End PBXResourcesBuildPhase section */

/* Begin PBXSourcesBuildPhase section */
		9C6B452B2B47D9340068FA95 /* Sources */ = {
			isa = PBXSourcesBuildPhase;
			buildActionMask = 2147483647;
			files = (
				4DC538C22B5176C300CEC5B6 /* DetailViewController.swift in Sources */,
				4DDBE83A2B4D91A900B8A25A /* CountrySelectionViewController.swift in Sources */,
				4DC538BC2B516A1400CEC5B6 /* SearchViewController.swift in Sources */,
				4DAD139B2B52B14800A84525 /* AlarmCell.swift in Sources */,
				9C6B45372B47D9340068FA95 /* ViewController.swift in Sources */,
				9C6B45332B47D9340068FA95 /* AppDelegate.swift in Sources */,
				4DAD13A62B5FDFEE00A84525 /* FeedDetailCell.swift in Sources */,
				4DCAF0BE2B50096F00120E13 /* TabBarController.swift in Sources */,
				9C6B45352B47D9340068FA95 /* SceneDelegate.swift in Sources */,
				4DDBE8382B4D7E8E00B8A25A /* MyViewController.swift in Sources */,
				4DDBE8322B4D7E7800B8A25A /* HomeViewController.swift in Sources */,
				4DC538BE2B516A3B00CEC5B6 /* AlarmViewController.swift in Sources */,
				4DDBE8362B4D7E8800B8A25A /* ChatViewController.swift in Sources */,
				4DDBE8342B4D7E8000B8A25A /* PostViewController.swift in Sources */,
				4DAD13A32B5FB36600A84525 /* Country.swift in Sources */,
				4D4643212B4FCE8D00AE4DF2 /* FeedCell.swift in Sources */,
			);
			runOnlyForDeploymentPostprocessing = 0;
		};
		9C6B45412B47D9350068FA95 /* Sources */ = {
			isa = PBXSourcesBuildPhase;
			buildActionMask = 2147483647;
			files = (
				9C6B454A2B47D9350068FA95 /* YounetProjectTests.swift in Sources */,
			);
			runOnlyForDeploymentPostprocessing = 0;
		};
		9C6B454B2B47D9350068FA95 /* Sources */ = {
			isa = PBXSourcesBuildPhase;
			buildActionMask = 2147483647;
			files = (
				9C6B45562B47D9350068FA95 /* YounetProjectUITestsLaunchTests.swift in Sources */,
				9C6B45542B47D9350068FA95 /* YounetProjectUITests.swift in Sources */,
			);
			runOnlyForDeploymentPostprocessing = 0;
		};
/* End PBXSourcesBuildPhase section */

/* Begin PBXTargetDependency section */
		9C6B45472B47D9350068FA95 /* PBXTargetDependency */ = {
			isa = PBXTargetDependency;
			target = 9C6B452E2B47D9340068FA95 /* YounetProject */;
			targetProxy = 9C6B45462B47D9350068FA95 /* PBXContainerItemProxy */;
		};
		9C6B45512B47D9350068FA95 /* PBXTargetDependency */ = {
			isa = PBXTargetDependency;
			target = 9C6B452E2B47D9340068FA95 /* YounetProject */;
			targetProxy = 9C6B45502B47D9350068FA95 /* PBXContainerItemProxy */;
		};
/* End PBXTargetDependency section */

/* Begin PBXVariantGroup section */
		9C6B45382B47D9340068FA95 /* Main.storyboard */ = {
			isa = PBXVariantGroup;
			children = (
				9C6B45392B47D9340068FA95 /* Base */,
			);
			name = Main.storyboard;
			sourceTree = "<group>";
		};
		9C6B453D2B47D9350068FA95 /* LaunchScreen.storyboard */ = {
			isa = PBXVariantGroup;
			children = (
				9C6B453E2B47D9350068FA95 /* Base */,
			);
			name = LaunchScreen.storyboard;
			sourceTree = "<group>";
		};
/* End PBXVariantGroup section */

/* Begin XCBuildConfiguration section */
		9C6B45572B47D9350068FA95 /* Debug */ = {
			isa = XCBuildConfiguration;
			buildSettings = {
				ALWAYS_SEARCH_USER_PATHS = NO;
				ASSETCATALOG_COMPILER_GENERATE_SWIFT_ASSET_SYMBOL_EXTENSIONS = YES;
				CLANG_ANALYZER_NONNULL = YES;
				CLANG_ANALYZER_NUMBER_OBJECT_CONVERSION = YES_AGGRESSIVE;
				CLANG_CXX_LANGUAGE_STANDARD = "gnu++20";
				CLANG_ENABLE_MODULES = YES;
				CLANG_ENABLE_OBJC_ARC = YES;
				CLANG_ENABLE_OBJC_WEAK = YES;
				CLANG_WARN_BLOCK_CAPTURE_AUTORELEASING = YES;
				CLANG_WARN_BOOL_CONVERSION = YES;
				CLANG_WARN_COMMA = YES;
				CLANG_WARN_CONSTANT_CONVERSION = YES;
				CLANG_WARN_DEPRECATED_OBJC_IMPLEMENTATIONS = YES;
				CLANG_WARN_DIRECT_OBJC_ISA_USAGE = YES_ERROR;
				CLANG_WARN_DOCUMENTATION_COMMENTS = YES;
				CLANG_WARN_EMPTY_BODY = YES;
				CLANG_WARN_ENUM_CONVERSION = YES;
				CLANG_WARN_INFINITE_RECURSION = YES;
				CLANG_WARN_INT_CONVERSION = YES;
				CLANG_WARN_NON_LITERAL_NULL_CONVERSION = YES;
				CLANG_WARN_OBJC_IMPLICIT_RETAIN_SELF = YES;
				CLANG_WARN_OBJC_LITERAL_CONVERSION = YES;
				CLANG_WARN_OBJC_ROOT_CLASS = YES_ERROR;
				CLANG_WARN_QUOTED_INCLUDE_IN_FRAMEWORK_HEADER = YES;
				CLANG_WARN_RANGE_LOOP_ANALYSIS = YES;
				CLANG_WARN_STRICT_PROTOTYPES = YES;
				CLANG_WARN_SUSPICIOUS_MOVE = YES;
				CLANG_WARN_UNGUARDED_AVAILABILITY = YES_AGGRESSIVE;
				CLANG_WARN_UNREACHABLE_CODE = YES;
				CLANG_WARN__DUPLICATE_METHOD_MATCH = YES;
				COPY_PHASE_STRIP = NO;
				DEBUG_INFORMATION_FORMAT = dwarf;
				ENABLE_STRICT_OBJC_MSGSEND = YES;
				ENABLE_TESTABILITY = YES;
				ENABLE_USER_SCRIPT_SANDBOXING = YES;
				GCC_C_LANGUAGE_STANDARD = gnu17;
				GCC_DYNAMIC_NO_PIC = NO;
				GCC_NO_COMMON_BLOCKS = YES;
				GCC_OPTIMIZATION_LEVEL = 0;
				GCC_PREPROCESSOR_DEFINITIONS = (
					"DEBUG=1",
					"$(inherited)",
				);
				GCC_WARN_64_TO_32_BIT_CONVERSION = YES;
				GCC_WARN_ABOUT_RETURN_TYPE = YES_ERROR;
				GCC_WARN_UNDECLARED_SELECTOR = YES;
				GCC_WARN_UNINITIALIZED_AUTOS = YES_AGGRESSIVE;
				GCC_WARN_UNUSED_FUNCTION = YES;
				GCC_WARN_UNUSED_VARIABLE = YES;
				IPHONEOS_DEPLOYMENT_TARGET = 17.0;
				LOCALIZATION_PREFERS_STRING_CATALOGS = YES;
				MTL_ENABLE_DEBUG_INFO = INCLUDE_SOURCE;
				MTL_FAST_MATH = YES;
				ONLY_ACTIVE_ARCH = YES;
				SDKROOT = iphoneos;
				SWIFT_ACTIVE_COMPILATION_CONDITIONS = "DEBUG $(inherited)";
				SWIFT_OPTIMIZATION_LEVEL = "-Onone";
			};
			name = Debug;
		};
		9C6B45582B47D9350068FA95 /* Release */ = {
			isa = XCBuildConfiguration;
			buildSettings = {
				ALWAYS_SEARCH_USER_PATHS = NO;
				ASSETCATALOG_COMPILER_GENERATE_SWIFT_ASSET_SYMBOL_EXTENSIONS = YES;
				CLANG_ANALYZER_NONNULL = YES;
				CLANG_ANALYZER_NUMBER_OBJECT_CONVERSION = YES_AGGRESSIVE;
				CLANG_CXX_LANGUAGE_STANDARD = "gnu++20";
				CLANG_ENABLE_MODULES = YES;
				CLANG_ENABLE_OBJC_ARC = YES;
				CLANG_ENABLE_OBJC_WEAK = YES;
				CLANG_WARN_BLOCK_CAPTURE_AUTORELEASING = YES;
				CLANG_WARN_BOOL_CONVERSION = YES;
				CLANG_WARN_COMMA = YES;
				CLANG_WARN_CONSTANT_CONVERSION = YES;
				CLANG_WARN_DEPRECATED_OBJC_IMPLEMENTATIONS = YES;
				CLANG_WARN_DIRECT_OBJC_ISA_USAGE = YES_ERROR;
				CLANG_WARN_DOCUMENTATION_COMMENTS = YES;
				CLANG_WARN_EMPTY_BODY = YES;
				CLANG_WARN_ENUM_CONVERSION = YES;
				CLANG_WARN_INFINITE_RECURSION = YES;
				CLANG_WARN_INT_CONVERSION = YES;
				CLANG_WARN_NON_LITERAL_NULL_CONVERSION = YES;
				CLANG_WARN_OBJC_IMPLICIT_RETAIN_SELF = YES;
				CLANG_WARN_OBJC_LITERAL_CONVERSION = YES;
				CLANG_WARN_OBJC_ROOT_CLASS = YES_ERROR;
				CLANG_WARN_QUOTED_INCLUDE_IN_FRAMEWORK_HEADER = YES;
				CLANG_WARN_RANGE_LOOP_ANALYSIS = YES;
				CLANG_WARN_STRICT_PROTOTYPES = YES;
				CLANG_WARN_SUSPICIOUS_MOVE = YES;
				CLANG_WARN_UNGUARDED_AVAILABILITY = YES_AGGRESSIVE;
				CLANG_WARN_UNREACHABLE_CODE = YES;
				CLANG_WARN__DUPLICATE_METHOD_MATCH = YES;
				COPY_PHASE_STRIP = NO;
				DEBUG_INFORMATION_FORMAT = "dwarf-with-dsym";
				ENABLE_NS_ASSERTIONS = NO;
				ENABLE_STRICT_OBJC_MSGSEND = YES;
				ENABLE_USER_SCRIPT_SANDBOXING = YES;
				GCC_C_LANGUAGE_STANDARD = gnu17;
				GCC_NO_COMMON_BLOCKS = YES;
				GCC_WARN_64_TO_32_BIT_CONVERSION = YES;
				GCC_WARN_ABOUT_RETURN_TYPE = YES_ERROR;
				GCC_WARN_UNDECLARED_SELECTOR = YES;
				GCC_WARN_UNINITIALIZED_AUTOS = YES_AGGRESSIVE;
				GCC_WARN_UNUSED_FUNCTION = YES;
				GCC_WARN_UNUSED_VARIABLE = YES;
				IPHONEOS_DEPLOYMENT_TARGET = 17.0;
				LOCALIZATION_PREFERS_STRING_CATALOGS = YES;
				MTL_ENABLE_DEBUG_INFO = NO;
				MTL_FAST_MATH = YES;
				SDKROOT = iphoneos;
				SWIFT_COMPILATION_MODE = wholemodule;
				VALIDATE_PRODUCT = YES;
			};
			name = Release;
		};
		9C6B455A2B47D9350068FA95 /* Debug */ = {
			isa = XCBuildConfiguration;
			buildSettings = {
				ASSETCATALOG_COMPILER_APPICON_NAME = AppIcon;
				ASSETCATALOG_COMPILER_GLOBAL_ACCENT_COLOR_NAME = AccentColor;
				CODE_SIGN_STYLE = Automatic;
				CURRENT_PROJECT_VERSION = 1;
				GENERATE_INFOPLIST_FILE = YES;
				INFOPLIST_FILE = YounetProject/Info.plist;
				INFOPLIST_KEY_UIApplicationSupportsIndirectInputEvents = YES;
				INFOPLIST_KEY_UILaunchStoryboardName = LaunchScreen;
				INFOPLIST_KEY_UIMainStoryboardFile = Main;
				INFOPLIST_KEY_UISupportedInterfaceOrientations_iPad = "UIInterfaceOrientationPortrait UIInterfaceOrientationPortraitUpsideDown UIInterfaceOrientationLandscapeLeft UIInterfaceOrientationLandscapeRight";
				INFOPLIST_KEY_UISupportedInterfaceOrientations_iPhone = "UIInterfaceOrientationPortrait UIInterfaceOrientationLandscapeLeft UIInterfaceOrientationLandscapeRight";
				LD_RUNPATH_SEARCH_PATHS = (
					"$(inherited)",
					"@executable_path/Frameworks",
				);
				MARKETING_VERSION = 1.0;
				PRODUCT_BUNDLE_IDENTIFIER = com.younet.YounetProject;
				PRODUCT_NAME = "$(TARGET_NAME)";
				SWIFT_EMIT_LOC_STRINGS = YES;
				SWIFT_VERSION = 5.0;
				TARGETED_DEVICE_FAMILY = "1,2";
			};
			name = Debug;
		};
		9C6B455B2B47D9350068FA95 /* Release */ = {
			isa = XCBuildConfiguration;
			buildSettings = {
				ASSETCATALOG_COMPILER_APPICON_NAME = AppIcon;
				ASSETCATALOG_COMPILER_GLOBAL_ACCENT_COLOR_NAME = AccentColor;
				CODE_SIGN_STYLE = Automatic;
				CURRENT_PROJECT_VERSION = 1;
				GENERATE_INFOPLIST_FILE = YES;
				INFOPLIST_FILE = YounetProject/Info.plist;
				INFOPLIST_KEY_UIApplicationSupportsIndirectInputEvents = YES;
				INFOPLIST_KEY_UILaunchStoryboardName = LaunchScreen;
				INFOPLIST_KEY_UIMainStoryboardFile = Main;
				INFOPLIST_KEY_UISupportedInterfaceOrientations_iPad = "UIInterfaceOrientationPortrait UIInterfaceOrientationPortraitUpsideDown UIInterfaceOrientationLandscapeLeft UIInterfaceOrientationLandscapeRight";
				INFOPLIST_KEY_UISupportedInterfaceOrientations_iPhone = "UIInterfaceOrientationPortrait UIInterfaceOrientationLandscapeLeft UIInterfaceOrientationLandscapeRight";
				LD_RUNPATH_SEARCH_PATHS = (
					"$(inherited)",
					"@executable_path/Frameworks",
				);
				MARKETING_VERSION = 1.0;
				PRODUCT_BUNDLE_IDENTIFIER = com.younet.YounetProject;
				PRODUCT_NAME = "$(TARGET_NAME)";
				SWIFT_EMIT_LOC_STRINGS = YES;
				SWIFT_VERSION = 5.0;
				TARGETED_DEVICE_FAMILY = "1,2";
			};
			name = Release;
		};
		9C6B455D2B47D9350068FA95 /* Debug */ = {
			isa = XCBuildConfiguration;
			buildSettings = {
				ALWAYS_EMBED_SWIFT_STANDARD_LIBRARIES = YES;
				BUNDLE_LOADER = "$(TEST_HOST)";
				CODE_SIGN_STYLE = Automatic;
				CURRENT_PROJECT_VERSION = 1;
				GENERATE_INFOPLIST_FILE = YES;
				IPHONEOS_DEPLOYMENT_TARGET = 17.2;
				MARKETING_VERSION = 1.0;
				PRODUCT_BUNDLE_IDENTIFIER = com.younet.YounetProjectTests;
				PRODUCT_NAME = "$(TARGET_NAME)";
				SWIFT_EMIT_LOC_STRINGS = NO;
				SWIFT_VERSION = 5.0;
				TARGETED_DEVICE_FAMILY = "1,2";
				TEST_HOST = "$(BUILT_PRODUCTS_DIR)/YounetProject.app/$(BUNDLE_EXECUTABLE_FOLDER_PATH)/YounetProject";
			};
			name = Debug;
		};
		9C6B455E2B47D9350068FA95 /* Release */ = {
			isa = XCBuildConfiguration;
			buildSettings = {
				ALWAYS_EMBED_SWIFT_STANDARD_LIBRARIES = YES;
				BUNDLE_LOADER = "$(TEST_HOST)";
				CODE_SIGN_STYLE = Automatic;
				CURRENT_PROJECT_VERSION = 1;
				GENERATE_INFOPLIST_FILE = YES;
				IPHONEOS_DEPLOYMENT_TARGET = 17.2;
				MARKETING_VERSION = 1.0;
				PRODUCT_BUNDLE_IDENTIFIER = com.younet.YounetProjectTests;
				PRODUCT_NAME = "$(TARGET_NAME)";
				SWIFT_EMIT_LOC_STRINGS = NO;
				SWIFT_VERSION = 5.0;
				TARGETED_DEVICE_FAMILY = "1,2";
				TEST_HOST = "$(BUILT_PRODUCTS_DIR)/YounetProject.app/$(BUNDLE_EXECUTABLE_FOLDER_PATH)/YounetProject";
			};
			name = Release;
		};
		9C6B45602B47D9350068FA95 /* Debug */ = {
			isa = XCBuildConfiguration;
			buildSettings = {
				ALWAYS_EMBED_SWIFT_STANDARD_LIBRARIES = YES;
				CODE_SIGN_STYLE = Automatic;
				CURRENT_PROJECT_VERSION = 1;
				GENERATE_INFOPLIST_FILE = YES;
				MARKETING_VERSION = 1.0;
				PRODUCT_BUNDLE_IDENTIFIER = com.younet.YounetProjectUITests;
				PRODUCT_NAME = "$(TARGET_NAME)";
				SWIFT_EMIT_LOC_STRINGS = NO;
				SWIFT_VERSION = 5.0;
				TARGETED_DEVICE_FAMILY = "1,2";
				TEST_TARGET_NAME = YounetProject;
			};
			name = Debug;
		};
		9C6B45612B47D9350068FA95 /* Release */ = {
			isa = XCBuildConfiguration;
			buildSettings = {
				ALWAYS_EMBED_SWIFT_STANDARD_LIBRARIES = YES;
				CODE_SIGN_STYLE = Automatic;
				CURRENT_PROJECT_VERSION = 1;
				GENERATE_INFOPLIST_FILE = YES;
				MARKETING_VERSION = 1.0;
				PRODUCT_BUNDLE_IDENTIFIER = com.younet.YounetProjectUITests;
				PRODUCT_NAME = "$(TARGET_NAME)";
				SWIFT_EMIT_LOC_STRINGS = NO;
				SWIFT_VERSION = 5.0;
				TARGETED_DEVICE_FAMILY = "1,2";
				TEST_TARGET_NAME = YounetProject;
			};
			name = Release;
		};
/* End XCBuildConfiguration section */

/* Begin XCConfigurationList section */
		9C6B452A2B47D9340068FA95 /* Build configuration list for PBXProject "YounetProject" */ = {
			isa = XCConfigurationList;
			buildConfigurations = (
				9C6B45572B47D9350068FA95 /* Debug */,
				9C6B45582B47D9350068FA95 /* Release */,
			);
			defaultConfigurationIsVisible = 0;
			defaultConfigurationName = Release;
		};
		9C6B45592B47D9350068FA95 /* Build configuration list for PBXNativeTarget "YounetProject" */ = {
			isa = XCConfigurationList;
			buildConfigurations = (
				9C6B455A2B47D9350068FA95 /* Debug */,
				9C6B455B2B47D9350068FA95 /* Release */,
			);
			defaultConfigurationIsVisible = 0;
			defaultConfigurationName = Release;
		};
		9C6B455C2B47D9350068FA95 /* Build configuration list for PBXNativeTarget "YounetProjectTests" */ = {
			isa = XCConfigurationList;
			buildConfigurations = (
				9C6B455D2B47D9350068FA95 /* Debug */,
				9C6B455E2B47D9350068FA95 /* Release */,
			);
			defaultConfigurationIsVisible = 0;
			defaultConfigurationName = Release;
		};
		9C6B455F2B47D9350068FA95 /* Build configuration list for PBXNativeTarget "YounetProjectUITests" */ = {
			isa = XCConfigurationList;
			buildConfigurations = (
				9C6B45602B47D9350068FA95 /* Debug */,
				9C6B45612B47D9350068FA95 /* Release */,
			);
			defaultConfigurationIsVisible = 0;
			defaultConfigurationName = Release;
		};
/* End XCConfigurationList section */
	};
	rootObject = 9C6B45272B47D9340068FA95 /* Project object */;
}
